// !$*UTF8*$!
{
	archiveVersion = 1;
	classes = {
	};
	objectVersion = 46;
	objects = {

/* Begin PBXBuildFile section */
		62178AE5FBA53284EE72D2E0 /* Pods_HikerJeffSilentStripeTest.framework in Frameworks */ = {isa = PBXBuildFile; fileRef = D8D52E5FF1E40C0E0309AE96 /* Pods_HikerJeffSilentStripeTest.framework */; };
		FDE3AE0E1D5AD42000CDC31D /* AppDelegate.swift in Sources */ = {isa = PBXBuildFile; fileRef = FDE3AE0D1D5AD42000CDC31D /* AppDelegate.swift */; };
		FDE3AE101D5AD42000CDC31D /* ViewController.swift in Sources */ = {isa = PBXBuildFile; fileRef = FDE3AE0F1D5AD42000CDC31D /* ViewController.swift */; };
		FDE3AE131D5AD42000CDC31D /* Main.storyboard in Resources */ = {isa = PBXBuildFile; fileRef = FDE3AE111D5AD42000CDC31D /* Main.storyboard */; };
		FDE3AE151D5AD42000CDC31D /* Assets.xcassets in Resources */ = {isa = PBXBuildFile; fileRef = FDE3AE141D5AD42000CDC31D /* Assets.xcassets */; };
		FDE3AE181D5AD42000CDC31D /* LaunchScreen.storyboard in Resources */ = {isa = PBXBuildFile; fileRef = FDE3AE161D5AD42000CDC31D /* LaunchScreen.storyboard */; };
/* End PBXBuildFile section */

/* Begin PBXFileReference section */
		354F0C3A5C2BB5BAA7247C33 /* Pods-HikerJeffSilentStripeTest.release.xcconfig */ = {isa = PBXFileReference; includeInIndex = 1; lastKnownFileType = text.xcconfig; name = "Pods-HikerJeffSilentStripeTest.release.xcconfig"; path = "Pods/Target Support Files/Pods-HikerJeffSilentStripeTest/Pods-HikerJeffSilentStripeTest.release.xcconfig"; sourceTree = "<group>"; };
		3FF5E13B48C5362DA118C44B /* Pods-HikerJeffSilentStripeTest.debug.xcconfig */ = {isa = PBXFileReference; includeInIndex = 1; lastKnownFileType = text.xcconfig; name = "Pods-HikerJeffSilentStripeTest.debug.xcconfig"; path = "Pods/Target Support Files/Pods-HikerJeffSilentStripeTest/Pods-HikerJeffSilentStripeTest.debug.xcconfig"; sourceTree = "<group>"; };
		D8D52E5FF1E40C0E0309AE96 /* Pods_HikerJeffSilentStripeTest.framework */ = {isa = PBXFileReference; explicitFileType = wrapper.framework; includeInIndex = 0; path = Pods_HikerJeffSilentStripeTest.framework; sourceTree = BUILT_PRODUCTS_DIR; };
		FDAC44BA1D5AEA6600F7ED20 /* hiker-jeff-silent-stripe-bridging-header.h */ = {isa = PBXFileReference; lastKnownFileType = sourcecode.c.h; path = "hiker-jeff-silent-stripe-bridging-header.h"; sourceTree = "<group>"; };
		FDE3AE0A1D5AD42000CDC31D /* HikerJeffSilentStripeTest.app */ = {isa = PBXFileReference; explicitFileType = wrapper.application; includeInIndex = 0; path = HikerJeffSilentStripeTest.app; sourceTree = BUILT_PRODUCTS_DIR; };
		FDE3AE0D1D5AD42000CDC31D /* AppDelegate.swift */ = {isa = PBXFileReference; lastKnownFileType = sourcecode.swift; path = AppDelegate.swift; sourceTree = "<group>"; };
		FDE3AE0F1D5AD42000CDC31D /* ViewController.swift */ = {isa = PBXFileReference; lastKnownFileType = sourcecode.swift; path = ViewController.swift; sourceTree = "<group>"; };
		FDE3AE121D5AD42000CDC31D /* Base */ = {isa = PBXFileReference; lastKnownFileType = file.storyboard; name = Base; path = Base.lproj/Main.storyboard; sourceTree = "<group>"; };
		FDE3AE141D5AD42000CDC31D /* Assets.xcassets */ = {isa = PBXFileReference; lastKnownFileType = folder.assetcatalog; path = Assets.xcassets; sourceTree = "<group>"; };
		FDE3AE171D5AD42000CDC31D /* Base */ = {isa = PBXFileReference; lastKnownFileType = file.storyboard; name = Base; path = Base.lproj/LaunchScreen.storyboard; sourceTree = "<group>"; };
		FDE3AE191D5AD42000CDC31D /* Info.plist */ = {isa = PBXFileReference; lastKnownFileType = text.plist.xml; path = Info.plist; sourceTree = "<group>"; };
/* End PBXFileReference section */

/* Begin PBXFrameworksBuildPhase section */
		FDE3AE071D5AD42000CDC31D /* Frameworks */ = {
			isa = PBXFrameworksBuildPhase;
			buildActionMask = 2147483647;
			files = (
				62178AE5FBA53284EE72D2E0 /* Pods_HikerJeffSilentStripeTest.framework in Frameworks */,
			);
			runOnlyForDeploymentPostprocessing = 0;
		};
/* End PBXFrameworksBuildPhase section */

/* Begin PBXGroup section */
		8B3BBAAC75D8F448E84250A5 /* Pods */ = {
			isa = PBXGroup;
			children = (
				3FF5E13B48C5362DA118C44B /* Pods-HikerJeffSilentStripeTest.debug.xcconfig */,
				354F0C3A5C2BB5BAA7247C33 /* Pods-HikerJeffSilentStripeTest.release.xcconfig */,
			);
			name = Pods;
			sourceTree = "<group>";
		};
		D9F9E60011AD9E16DCB24FBE /* Frameworks */ = {
			isa = PBXGroup;
			children = (
				D8D52E5FF1E40C0E0309AE96 /* Pods_HikerJeffSilentStripeTest.framework */,
			);
			name = Frameworks;
			sourceTree = "<group>";
		};
		FDE3AE011D5AD42000CDC31D = {
			isa = PBXGroup;
			children = (
				FDE3AE0C1D5AD42000CDC31D /* HikerJeffSilentStripeTest */,
				FDE3AE0B1D5AD42000CDC31D /* Products */,
				8B3BBAAC75D8F448E84250A5 /* Pods */,
				D9F9E60011AD9E16DCB24FBE /* Frameworks */,
			);
			sourceTree = "<group>";
		};
		FDE3AE0B1D5AD42000CDC31D /* Products */ = {
			isa = PBXGroup;
			children = (
				FDE3AE0A1D5AD42000CDC31D /* HikerJeffSilentStripeTest.app */,
			);
			name = Products;
			sourceTree = "<group>";
		};
		FDE3AE0C1D5AD42000CDC31D /* HikerJeffSilentStripeTest */ = {
			isa = PBXGroup;
			children = (
				FDE3AE0D1D5AD42000CDC31D /* AppDelegate.swift */,
				FDE3AE0F1D5AD42000CDC31D /* ViewController.swift */,
				FDE3AE111D5AD42000CDC31D /* Main.storyboard */,
				FDE3AE141D5AD42000CDC31D /* Assets.xcassets */,
				FDE3AE161D5AD42000CDC31D /* LaunchScreen.storyboard */,
				FDAC44BA1D5AEA6600F7ED20 /* hiker-jeff-silent-stripe-bridging-header.h */,
				FDE3AE191D5AD42000CDC31D /* Info.plist */,
			);
			path = HikerJeffSilentStripeTest;
			sourceTree = "<group>";
		};
/* End PBXGroup section */

/* Begin PBXNativeTarget section */
		FDE3AE091D5AD42000CDC31D /* HikerJeffSilentStripeTest */ = {
			isa = PBXNativeTarget;
			buildConfigurationList = FDE3AE1C1D5AD42000CDC31D /* Build configuration list for PBXNativeTarget "HikerJeffSilentStripeTest" */;
			buildPhases = (
				B2070CFE38821D260B0EDF53 /* [CP] Check Pods Manifest.lock */,
				FDE3AE061D5AD42000CDC31D /* Sources */,
				FDE3AE071D5AD42000CDC31D /* Frameworks */,
				FDE3AE081D5AD42000CDC31D /* Resources */,
				6B2EC9BD211C8291B2193462 /* [CP] Embed Pods Frameworks */,
				A8F90F3A22AC33BC4EF9EDDC /* [CP] Copy Pods Resources */,
			);
			buildRules = (
			);
			dependencies = (
			);
			name = HikerJeffSilentStripeTest;
			productName = HikerJeffSilentStripeTest;
			productReference = FDE3AE0A1D5AD42000CDC31D /* HikerJeffSilentStripeTest.app */;
			productType = "com.apple.product-type.application";
		};
/* End PBXNativeTarget section */

/* Begin PBXProject section */
		FDE3AE021D5AD42000CDC31D /* Project object */ = {
			isa = PBXProject;
			attributes = {
				LastSwiftUpdateCheck = 0730;
				LastUpgradeCheck = 0730;
				ORGANIZATIONNAME = "Taylor Frost";
				TargetAttributes = {
					FDE3AE091D5AD42000CDC31D = {
						CreatedOnToolsVersion = 7.3.1;
					};
				};
			};
			buildConfigurationList = FDE3AE051D5AD42000CDC31D /* Build configuration list for PBXProject "HikerJeffSilentStripeTest" */;
			compatibilityVersion = "Xcode 3.2";
			developmentRegion = English;
			hasScannedForEncodings = 0;
			knownRegions = (
				en,
				Base,
			);
			mainGroup = FDE3AE011D5AD42000CDC31D;
			productRefGroup = FDE3AE0B1D5AD42000CDC31D /* Products */;
			projectDirPath = "";
			projectRoot = "";
			targets = (
				FDE3AE091D5AD42000CDC31D /* HikerJeffSilentStripeTest */,
			);
		};
/* End PBXProject section */

/* Begin PBXResourcesBuildPhase section */
		FDE3AE081D5AD42000CDC31D /* Resources */ = {
			isa = PBXResourcesBuildPhase;
			buildActionMask = 2147483647;
			files = (
				FDE3AE181D5AD42000CDC31D /* LaunchScreen.storyboard in Resources */,
				FDE3AE151D5AD42000CDC31D /* Assets.xcassets in Resources */,
				FDE3AE131D5AD42000CDC31D /* Main.storyboard in Resources */,
			);
			runOnlyForDeploymentPostprocessing = 0;
		};
/* End PBXResourcesBuildPhase section */

/* Begin PBXShellScriptBuildPhase section */
		6B2EC9BD211C8291B2193462 /* [CP] Embed Pods Frameworks */ = {
			isa = PBXShellScriptBuildPhase;
			buildActionMask = 2147483647;
			files = (
			);
			inputPaths = (
			);
			name = "[CP] Embed Pods Frameworks";
			outputPaths = (
			);
			runOnlyForDeploymentPostprocessing = 0;
			shellPath = /bin/sh;
			shellScript = "\"${SRCROOT}/Pods/Target Support Files/Pods-HikerJeffSilentStripeTest/Pods-HikerJeffSilentStripeTest-frameworks.sh\"\n";
			showEnvVarsInLog = 0;
		};
		A8F90F3A22AC33BC4EF9EDDC /* [CP] Copy Pods Resources */ = {
			isa = PBXShellScriptBuildPhase;
			buildActionMask = 2147483647;
			files = (
			);
			inputPaths = (
			);
			name = "[CP] Copy Pods Resources";
			outputPaths = (
			);
			runOnlyForDeploymentPostprocessing = 0;
			shellPath = /bin/sh;
			shellScript = "\"${SRCROOT}/Pods/Target Support Files/Pods-HikerJeffSilentStripeTest/Pods-HikerJeffSilentStripeTest-resources.sh\"\n";
			showEnvVarsInLog = 0;
		};
		B2070CFE38821D260B0EDF53 /* [CP] Check Pods Manifest.lock */ = {
			isa = PBXShellScriptBuildPhase;
			buildActionMask = 2147483647;
			files = (
			);
			inputPaths = (
			);
			name = "[CP] Check Pods Manifest.lock";
			outputPaths = (
			);
			runOnlyForDeploymentPostprocessing = 0;
			shellPath = /bin/sh;
			shellScript = "diff \"${PODS_ROOT}/../Podfile.lock\" \"${PODS_ROOT}/Manifest.lock\" > /dev/null\nif [[ $? != 0 ]] ; then\n    cat << EOM\nerror: The sandbox is not in sync with the Podfile.lock. Run 'pod install' or update your CocoaPods installation.\nEOM\n    exit 1\nfi\n";
			showEnvVarsInLog = 0;
		};
/* End PBXShellScriptBuildPhase section */

/* Begin PBXSourcesBuildPhase section */
		FDE3AE061D5AD42000CDC31D /* Sources */ = {
			isa = PBXSourcesBuildPhase;
			buildActionMask = 2147483647;
			files = (
				FDE3AE101D5AD42000CDC31D /* ViewController.swift in Sources */,
				FDE3AE0E1D5AD42000CDC31D /* AppDelegate.swift in Sources */,
			);
			runOnlyForDeploymentPostprocessing = 0;
		};
/* End PBXSourcesBuildPhase section */

/* Begin PBXVariantGroup section */
		FDE3AE111D5AD42000CDC31D /* Main.storyboard */ = {
			isa = PBXVariantGroup;
			children = (
				FDE3AE121D5AD42000CDC31D /* Base */,
			);
			name = Main.storyboard;
			sourceTree = "<group>";
		};
		FDE3AE161D5AD42000CDC31D /* LaunchScreen.storyboard */ = {
			isa = PBXVariantGroup;
			children = (
				FDE3AE171D5AD42000CDC31D /* Base */,
			);
			name = LaunchScreen.storyboard;
			sourceTree = "<group>";
		};
/* End PBXVariantGroup section */

/* Begin XCBuildConfiguration section */
		FDE3AE1A1D5AD42000CDC31D /* Debug */ = {
			isa = XCBuildConfiguration;
			buildSettings = {
				ALWAYS_SEARCH_USER_PATHS = NO;
				CLANG_ANALYZER_NONNULL = YES;
				CLANG_CXX_LANGUAGE_STANDARD = "gnu++0x";
				CLANG_CXX_LIBRARY = "libc++";
				CLANG_ENABLE_MODULES = YES;
				CLANG_ENABLE_OBJC_ARC = YES;
				CLANG_WARN_BOOL_CONVERSION = YES;
				CLANG_WARN_CONSTANT_CONVERSION = YES;
				CLANG_WARN_DIRECT_OBJC_ISA_USAGE = YES_ERROR;
				CLANG_WARN_EMPTY_BODY = YES;
				CLANG_WARN_ENUM_CONVERSION = YES;
				CLANG_WARN_INT_CONVERSION = YES;
				CLANG_WARN_OBJC_ROOT_CLASS = YES_ERROR;
				CLANG_WARN_UNREACHABLE_CODE = YES;
				CLANG_WARN__DUPLICATE_METHOD_MATCH = YES;
				"CODE_SIGN_IDENTITY[sdk=iphoneos*]" = "iPhone Developer";
				COPY_PHASE_STRIP = NO;
				DEBUG_INFORMATION_FORMAT = dwarf;
				ENABLE_STRICT_OBJC_MSGSEND = YES;
				ENABLE_TESTABILITY = YES;
				GCC_C_LANGUAGE_STANDARD = gnu99;
				GCC_DYNAMIC_NO_PIC = NO;
				GCC_NO_COMMON_BLOCKS = YES;
				GCC_OPTIMIZATION_LEVEL = 0;
				GCC_PREPROCESSOR_DEFINITIONS = (
					"DEBUG=1",
					"$(inherited)",
				);
				GCC_WARN_64_TO_32_BIT_CONVERSION = YES;
				GCC_WARN_ABOUT_RETURN_TYPE = YES_ERROR;
				GCC_WARN_UNDECLARED_SELECTOR = YES;
				GCC_WARN_UNINITIALIZED_AUTOS = YES_AGGRESSIVE;
				GCC_WARN_UNUSED_FUNCTION = YES;
				GCC_WARN_UNUSED_VARIABLE = YES;
				IPHONEOS_DEPLOYMENT_TARGET = 9.3;
				MTL_ENABLE_DEBUG_INFO = YES;
				ONLY_ACTIVE_ARCH = YES;
				SDKROOT = iphoneos;
				SWIFT_OPTIMIZATION_LEVEL = "-Onone";
			};
			name = Debug;
		};
		FDE3AE1B1D5AD42000CDC31D /* Release */ = {
			isa = XCBuildConfiguration;
			buildSettings = {
				ALWAYS_SEARCH_USER_PATHS = NO;
				CLANG_ANALYZER_NONNULL = YES;
				CLANG_CXX_LANGUAGE_STANDARD = "gnu++0x";
				CLANG_CXX_LIBRARY = "libc++";
				CLANG_ENABLE_MODULES = YES;
				CLANG_ENABLE_OBJC_ARC = YES;
				CLANG_WARN_BOOL_CONVERSION = YES;
				CLANG_WARN_CONSTANT_CONVERSION = YES;
				CLANG_WARN_DIRECT_OBJC_ISA_USAGE = YES_ERROR;
				CLANG_WARN_EMPTY_BODY = YES;
				CLANG_WARN_ENUM_CONVERSION = YES;
				CLANG_WARN_INT_CONVERSION = YES;
				CLANG_WARN_OBJC_ROOT_CLASS = YES_ERROR;
				CLANG_WARN_UNREACHABLE_CODE = YES;
				CLANG_WARN__DUPLICATE_METHOD_MATCH = YES;
				"CODE_SIGN_IDENTITY[sdk=iphoneos*]" = "iPhone Developer";
				COPY_PHASE_STRIP = NO;
				DEBUG_INFORMATION_FORMAT = "dwarf-with-dsym";
				ENABLE_NS_ASSERTIONS = NO;
				ENABLE_STRICT_OBJC_MSGSEND = YES;
				GCC_C_LANGUAGE_STANDARD = gnu99;
				GCC_NO_COMMON_BLOCKS = YES;
				GCC_WARN_64_TO_32_BIT_CONVERSION = YES;
				GCC_WARN_ABOUT_RETURN_TYPE = YES_ERROR;
				GCC_WARN_UNDECLARED_SELECTOR = YES;
				GCC_WARN_UNINITIALIZED_AUTOS = YES_AGGRESSIVE;
				GCC_WARN_UNUSED_FUNCTION = YES;
				GCC_WARN_UNUSED_VARIABLE = YES;
				IPHONEOS_DEPLOYMENT_TARGET = 9.3;
				MTL_ENABLE_DEBUG_INFO = NO;
				SDKROOT = iphoneos;
				VALIDATE_PRODUCT = YES;
			};
			name = Release;
		};
		FDE3AE1D1D5AD42000CDC31D /* Debug */ = {
			isa = XCBuildConfiguration;
			baseConfigurationReference = 3FF5E13B48C5362DA118C44B /* Pods-HikerJeffSilentStripeTest.debug.xcconfig */;
			buildSettings = {
				ASSETCATALOG_COMPILER_APPICON_NAME = AppIcon;
				INFOPLIST_FILE = HikerJeffSilentStripeTest/Info.plist;
				LD_RUNPATH_SEARCH_PATHS = "$(inherited) @executable_path/Frameworks";
				PRODUCT_BUNDLE_IDENTIFIER = com.FrostEnterprises.HikerJeffSilentStripeTest;
				PRODUCT_NAME = "$(TARGET_NAME)";
				SWIFT_OBJC_BRIDGING_HEADER = "HikerJeffSilentStripeTest/hiker-jeff-silent-stripe-bridging-header.h";
			};
			name = Debug;
		};
		FDE3AE1E1D5AD42000CDC31D /* Release */ = {
			isa = XCBuildConfiguration;
			baseConfigurationReference = 354F0C3A5C2BB5BAA7247C33 /* Pods-HikerJeffSilentStripeTest.release.xcconfig */;
			buildSettings = {
				ASSETCATALOG_COMPILER_APPICON_NAME = AppIcon;
				INFOPLIST_FILE = HikerJeffSilentStripeTest/Info.plist;
				LD_RUNPATH_SEARCH_PATHS = "$(inherited) @executable_path/Frameworks";
				PRODUCT_BUNDLE_IDENTIFIER = com.FrostEnterprises.HikerJeffSilentStripeTest;
				PRODUCT_NAME = "$(TARGET_NAME)";
				SWIFT_OBJC_BRIDGING_HEADER = "HikerJeffSilentStripeTest/hiker-jeff-silent-stripe-bridging-header.h";
			};
			name = Release;
		};
/* End XCBuildConfiguration section */

/* Begin XCConfigurationList section */
		FDE3AE051D5AD42000CDC31D /* Build configuration list for PBXProject "HikerJeffSilentStripeTest" */ = {
			isa = XCConfigurationList;
			buildConfigurations = (
				FDE3AE1A1D5AD42000CDC31D /* Debug */,
				FDE3AE1B1D5AD42000CDC31D /* Release */,
			);
			defaultConfigurationIsVisible = 0;
			defaultConfigurationName = Release;
		};
		FDE3AE1C1D5AD42000CDC31D /* Build configuration list for PBXNativeTarget "HikerJeffSilentStripeTest" */ = {
			isa = XCConfigurationList;
			buildConfigurations = (
				FDE3AE1D1D5AD42000CDC31D /* Debug */,
				FDE3AE1E1D5AD42000CDC31D /* Release */,
			);
			defaultConfigurationIsVisible = 0;
			defaultConfigurationName = Release;
		};
/* End XCConfigurationList section */
	};
	rootObject = FDE3AE021D5AD42000CDC31D /* Project object */;
}
