// !$*UTF8*$!
{
	archiveVersion = 1;
	classes = {
	};
	objectVersion = 46;
	objects = {

/* Begin PBXBuildFile section */
		FD94BDD71D4A6AA400273C9F /* AppDelegate.swift in Sources */ = {isa = PBXBuildFile; fileRef = FD94BDD61D4A6AA400273C9F /* AppDelegate.swift */; };
		FD94BDD91D4A6AA400273C9F /* ViewController.swift in Sources */ = {isa = PBXBuildFile; fileRef = FD94BDD81D4A6AA400273C9F /* ViewController.swift */; };
		FD94BDDC1D4A6AA400273C9F /* Main.storyboard in Resources */ = {isa = PBXBuildFile; fileRef = FD94BDDA1D4A6AA400273C9F /* Main.storyboard */; };
		FD94BDDE1D4A6AA400273C9F /* Assets.xcassets in Resources */ = {isa = PBXBuildFile; fileRef = FD94BDDD1D4A6AA400273C9F /* Assets.xcassets */; };
		FD94BDE11D4A6AA400273C9F /* LaunchScreen.storyboard in Resources */ = {isa = PBXBuildFile; fileRef = FD94BDDF1D4A6AA400273C9F /* LaunchScreen.storyboard */; };
		FD94BDE91D4A6C8800273C9F /* PassedDateViewController.swift in Sources */ = {isa = PBXBuildFile; fileRef = FD94BDE81D4A6C8800273C9F /* PassedDateViewController.swift */; };
		FD94BDEB1D4A6D2800273C9F /* Date.swift in Sources */ = {isa = PBXBuildFile; fileRef = FD94BDEA1D4A6D2800273C9F /* Date.swift */; };
		FD94BDEF1D4A75E200273C9F /* DateTableViewCell.swift in Sources */ = {isa = PBXBuildFile; fileRef = FD94BDEE1D4A75E200273C9F /* DateTableViewCell.swift */; };
/* End PBXBuildFile section */

/* Begin PBXFileReference section */
		FD94BDD31D4A6AA400273C9F /* PracticeReservationScreen.app */ = {isa = PBXFileReference; explicitFileType = wrapper.application; includeInIndex = 0; path = PracticeReservationScreen.app; sourceTree = BUILT_PRODUCTS_DIR; };
		FD94BDD61D4A6AA400273C9F /* AppDelegate.swift */ = {isa = PBXFileReference; lastKnownFileType = sourcecode.swift; path = AppDelegate.swift; sourceTree = "<group>"; };
		FD94BDD81D4A6AA400273C9F /* ViewController.swift */ = {isa = PBXFileReference; lastKnownFileType = sourcecode.swift; path = ViewController.swift; sourceTree = "<group>"; };
		FD94BDDB1D4A6AA400273C9F /* Base */ = {isa = PBXFileReference; lastKnownFileType = file.storyboard; name = Base; path = Base.lproj/Main.storyboard; sourceTree = "<group>"; };
		FD94BDDD1D4A6AA400273C9F /* Assets.xcassets */ = {isa = PBXFileReference; lastKnownFileType = folder.assetcatalog; path = Assets.xcassets; sourceTree = "<group>"; };
		FD94BDE01D4A6AA400273C9F /* Base */ = {isa = PBXFileReference; lastKnownFileType = file.storyboard; name = Base; path = Base.lproj/LaunchScreen.storyboard; sourceTree = "<group>"; };
		FD94BDE21D4A6AA400273C9F /* Info.plist */ = {isa = PBXFileReference; lastKnownFileType = text.plist.xml; path = Info.plist; sourceTree = "<group>"; };
		FD94BDE81D4A6C8800273C9F /* PassedDateViewController.swift */ = {isa = PBXFileReference; fileEncoding = 4; lastKnownFileType = sourcecode.swift; path = PassedDateViewController.swift; sourceTree = "<group>"; };
		FD94BDEA1D4A6D2800273C9F /* Date.swift */ = {isa = PBXFileReference; fileEncoding = 4; lastKnownFileType = sourcecode.swift; path = Date.swift; sourceTree = "<group>"; };
		FD94BDEE1D4A75E200273C9F /* DateTableViewCell.swift */ = {isa = PBXFileReference; fileEncoding = 4; lastKnownFileType = sourcecode.swift; path = DateTableViewCell.swift; sourceTree = "<group>"; };
/* End PBXFileReference section */

/* Begin PBXFrameworksBuildPhase section */
		FD94BDD01D4A6AA400273C9F /* Frameworks */ = {
			isa = PBXFrameworksBuildPhase;
			buildActionMask = 2147483647;
			files = (
			);
			runOnlyForDeploymentPostprocessing = 0;
		};
/* End PBXFrameworksBuildPhase section */

/* Begin PBXGroup section */
		FD94BDCA1D4A6AA400273C9F = {
			isa = PBXGroup;
			children = (
				FD94BDD51D4A6AA400273C9F /* PracticeReservationScreen */,
				FD94BDD41D4A6AA400273C9F /* Products */,
			);
			sourceTree = "<group>";
		};
		FD94BDD41D4A6AA400273C9F /* Products */ = {
			isa = PBXGroup;
			children = (
				FD94BDD31D4A6AA400273C9F /* PracticeReservationScreen.app */,
			);
			name = Products;
			sourceTree = "<group>";
		};
		FD94BDD51D4A6AA400273C9F /* PracticeReservationScreen */ = {
			isa = PBXGroup;
			children = (
				FD94BDD61D4A6AA400273C9F /* AppDelegate.swift */,
				FD94BDF01D4A75EF00273C9F /* Views */,
				FD94BDEC1D4A6D3000273C9F /* Modals */,
				FD94BDED1D4A6D3B00273C9F /* Controllers */,
				FD94BDDA1D4A6AA400273C9F /* Main.storyboard */,
				FD94BDDD1D4A6AA400273C9F /* Assets.xcassets */,
				FD94BDDF1D4A6AA400273C9F /* LaunchScreen.storyboard */,
				FD94BDE21D4A6AA400273C9F /* Info.plist */,
			);
			path = PracticeReservationScreen;
			sourceTree = "<group>";
		};
		FD94BDEC1D4A6D3000273C9F /* Modals */ = {
			isa = PBXGroup;
			children = (
				FD94BDEA1D4A6D2800273C9F /* Date.swift */,
			);
			name = Modals;
			sourceTree = "<group>";
		};
		FD94BDED1D4A6D3B00273C9F /* Controllers */ = {
			isa = PBXGroup;
			children = (
				FD94BDD81D4A6AA400273C9F /* ViewController.swift */,
				FD94BDE81D4A6C8800273C9F /* PassedDateViewController.swift */,
			);
			name = Controllers;
			sourceTree = "<group>";
		};
		FD94BDF01D4A75EF00273C9F /* Views */ = {
			isa = PBXGroup;
			children = (
				FD94BDEE1D4A75E200273C9F /* DateTableViewCell.swift */,
			);
			name = Views;
			sourceTree = "<group>";
		};
/* End PBXGroup section */

/* Begin PBXNativeTarget section */
		FD94BDD21D4A6AA400273C9F /* PracticeReservationScreen */ = {
			isa = PBXNativeTarget;
			buildConfigurationList = FD94BDE51D4A6AA400273C9F /* Build configuration list for PBXNativeTarget "PracticeReservationScreen" */;
			buildPhases = (
				FD94BDCF1D4A6AA400273C9F /* Sources */,
				FD94BDD01D4A6AA400273C9F /* Frameworks */,
				FD94BDD11D4A6AA400273C9F /* Resources */,
			);
			buildRules = (
			);
			dependencies = (
			);
			name = PracticeReservationScreen;
			productName = PracticeReservationScreen;
			productReference = FD94BDD31D4A6AA400273C9F /* PracticeReservationScreen.app */;
			productType = "com.apple.product-type.application";
		};
/* End PBXNativeTarget section */

/* Begin PBXProject section */
		FD94BDCB1D4A6AA400273C9F /* Project object */ = {
			isa = PBXProject;
			attributes = {
				LastSwiftUpdateCheck = 0730;
				LastUpgradeCheck = 0730;
				ORGANIZATIONNAME = "Taylor Frost";
				TargetAttributes = {
					FD94BDD21D4A6AA400273C9F = {
						CreatedOnToolsVersion = 7.3.1;
					};
				};
			};
			buildConfigurationList = FD94BDCE1D4A6AA400273C9F /* Build configuration list for PBXProject "PracticeReservationScreen" */;
			compatibilityVersion = "Xcode 3.2";
			developmentRegion = English;
			hasScannedForEncodings = 0;
			knownRegions = (
				en,
				Base,
			);
			mainGroup = FD94BDCA1D4A6AA400273C9F;
			productRefGroup = FD94BDD41D4A6AA400273C9F /* Products */;
			projectDirPath = "";
			projectRoot = "";
			targets = (
				FD94BDD21D4A6AA400273C9F /* PracticeReservationScreen */,
			);
		};
/* End PBXProject section */

/* Begin PBXResourcesBuildPhase section */
		FD94BDD11D4A6AA400273C9F /* Resources */ = {
			isa = PBXResourcesBuildPhase;
			buildActionMask = 2147483647;
			files = (
				FD94BDE11D4A6AA400273C9F /* LaunchScreen.storyboard in Resources */,
				FD94BDDE1D4A6AA400273C9F /* Assets.xcassets in Resources */,
				FD94BDDC1D4A6AA400273C9F /* Main.storyboard in Resources */,
			);
			runOnlyForDeploymentPostprocessing = 0;
		};
/* End PBXResourcesBuildPhase section */

/* Begin PBXSourcesBuildPhase section */
		FD94BDCF1D4A6AA400273C9F /* Sources */ = {
			isa = PBXSourcesBuildPhase;
			buildActionMask = 2147483647;
			files = (
				FD94BDEF1D4A75E200273C9F /* DateTableViewCell.swift in Sources */,
				FD94BDD91D4A6AA400273C9F /* ViewController.swift in Sources */,
				FD94BDE91D4A6C8800273C9F /* PassedDateViewController.swift in Sources */,
				FD94BDD71D4A6AA400273C9F /* AppDelegate.swift in Sources */,
				FD94BDEB1D4A6D2800273C9F /* Date.swift in Sources */,
			);
			runOnlyForDeploymentPostprocessing = 0;
		};
/* End PBXSourcesBuildPhase section */

/* Begin PBXVariantGroup section */
		FD94BDDA1D4A6AA400273C9F /* Main.storyboard */ = {
			isa = PBXVariantGroup;
			children = (
				FD94BDDB1D4A6AA400273C9F /* Base */,
			);
			name = Main.storyboard;
			sourceTree = "<group>";
		};
		FD94BDDF1D4A6AA400273C9F /* LaunchScreen.storyboard */ = {
			isa = PBXVariantGroup;
			children = (
				FD94BDE01D4A6AA400273C9F /* Base */,
			);
			name = LaunchScreen.storyboard;
			sourceTree = "<group>";
		};
/* End PBXVariantGroup section */

/* Begin XCBuildConfiguration section */
		FD94BDE31D4A6AA400273C9F /* Debug */ = {
			isa = XCBuildConfiguration;
			buildSettings = {
				ALWAYS_SEARCH_USER_PATHS = NO;
				CLANG_ANALYZER_NONNULL = YES;
				CLANG_CXX_LANGUAGE_STANDARD = "gnu++0x";
				CLANG_CXX_LIBRARY = "libc++";
				CLANG_ENABLE_MODULES = YES;
				CLANG_ENABLE_OBJC_ARC = YES;
				CLANG_WARN_BOOL_CONVERSION = YES;
				CLANG_WARN_CONSTANT_CONVERSION = YES;
				CLANG_WARN_DIRECT_OBJC_ISA_USAGE = YES_ERROR;
				CLANG_WARN_EMPTY_BODY = YES;
				CLANG_WARN_ENUM_CONVERSION = YES;
				CLANG_WARN_INT_CONVERSION = YES;
				CLANG_WARN_OBJC_ROOT_CLASS = YES_ERROR;
				CLANG_WARN_UNREACHABLE_CODE = YES;
				CLANG_WARN__DUPLICATE_METHOD_MATCH = YES;
				"CODE_SIGN_IDENTITY[sdk=iphoneos*]" = "iPhone Developer";
				COPY_PHASE_STRIP = NO;
				DEBUG_INFORMATION_FORMAT = dwarf;
				ENABLE_STRICT_OBJC_MSGSEND = YES;
				ENABLE_TESTABILITY = YES;
				GCC_C_LANGUAGE_STANDARD = gnu99;
				GCC_DYNAMIC_NO_PIC = NO;
				GCC_NO_COMMON_BLOCKS = YES;
				GCC_OPTIMIZATION_LEVEL = 0;
				GCC_PREPROCESSOR_DEFINITIONS = (
					"DEBUG=1",
					"$(inherited)",
				);
				GCC_WARN_64_TO_32_BIT_CONVERSION = YES;
				GCC_WARN_ABOUT_RETURN_TYPE = YES_ERROR;
				GCC_WARN_UNDECLARED_SELECTOR = YES;
				GCC_WARN_UNINITIALIZED_AUTOS = YES_AGGRESSIVE;
				GCC_WARN_UNUSED_FUNCTION = YES;
				GCC_WARN_UNUSED_VARIABLE = YES;
				IPHONEOS_DEPLOYMENT_TARGET = 9.3;
				MTL_ENABLE_DEBUG_INFO = YES;
				ONLY_ACTIVE_ARCH = YES;
				SDKROOT = iphoneos;
				SWIFT_OPTIMIZATION_LEVEL = "-Onone";
			};
			name = Debug;
		};
		FD94BDE41D4A6AA400273C9F /* Release */ = {
			isa = XCBuildConfiguration;
			buildSettings = {
				ALWAYS_SEARCH_USER_PATHS = NO;
				CLANG_ANALYZER_NONNULL = YES;
				CLANG_CXX_LANGUAGE_STANDARD = "gnu++0x";
				CLANG_CXX_LIBRARY = "libc++";
				CLANG_ENABLE_MODULES = YES;
				CLANG_ENABLE_OBJC_ARC = YES;
				CLANG_WARN_BOOL_CONVERSION = YES;
				CLANG_WARN_CONSTANT_CONVERSION = YES;
				CLANG_WARN_DIRECT_OBJC_ISA_USAGE = YES_ERROR;
				CLANG_WARN_EMPTY_BODY = YES;
				CLANG_WARN_ENUM_CONVERSION = YES;
				CLANG_WARN_INT_CONVERSION = YES;
				CLANG_WARN_OBJC_ROOT_CLASS = YES_ERROR;
				CLANG_WARN_UNREACHABLE_CODE = YES;
				CLANG_WARN__DUPLICATE_METHOD_MATCH = YES;
				"CODE_SIGN_IDENTITY[sdk=iphoneos*]" = "iPhone Developer";
				COPY_PHASE_STRIP = NO;
				DEBUG_INFORMATION_FORMAT = "dwarf-with-dsym";
				ENABLE_NS_ASSERTIONS = NO;
				ENABLE_STRICT_OBJC_MSGSEND = YES;
				GCC_C_LANGUAGE_STANDARD = gnu99;
				GCC_NO_COMMON_BLOCKS = YES;
				GCC_WARN_64_TO_32_BIT_CONVERSION = YES;
				GCC_WARN_ABOUT_RETURN_TYPE = YES_ERROR;
				GCC_WARN_UNDECLARED_SELECTOR = YES;
				GCC_WARN_UNINITIALIZED_AUTOS = YES_AGGRESSIVE;
				GCC_WARN_UNUSED_FUNCTION = YES;
				GCC_WARN_UNUSED_VARIABLE = YES;
				IPHONEOS_DEPLOYMENT_TARGET = 9.3;
				MTL_ENABLE_DEBUG_INFO = NO;
				SDKROOT = iphoneos;
				VALIDATE_PRODUCT = YES;
			};
			name = Release;
		};
		FD94BDE61D4A6AA400273C9F /* Debug */ = {
			isa = XCBuildConfiguration;
			buildSettings = {
				ASSETCATALOG_COMPILER_APPICON_NAME = AppIcon;
				INFOPLIST_FILE = PracticeReservationScreen/Info.plist;
				LD_RUNPATH_SEARCH_PATHS = "$(inherited) @executable_path/Frameworks";
				PRODUCT_BUNDLE_IDENTIFIER = com.FrostEnterprises.PracticeReservationScreen;
				PRODUCT_NAME = "$(TARGET_NAME)";
			};
			name = Debug;
		};
		FD94BDE71D4A6AA400273C9F /* Release */ = {
			isa = XCBuildConfiguration;
			buildSettings = {
				ASSETCATALOG_COMPILER_APPICON_NAME = AppIcon;
				INFOPLIST_FILE = PracticeReservationScreen/Info.plist;
				LD_RUNPATH_SEARCH_PATHS = "$(inherited) @executable_path/Frameworks";
				PRODUCT_BUNDLE_IDENTIFIER = com.FrostEnterprises.PracticeReservationScreen;
				PRODUCT_NAME = "$(TARGET_NAME)";
			};
			name = Release;
		};
/* End XCBuildConfiguration section */

/* Begin XCConfigurationList section */
		FD94BDCE1D4A6AA400273C9F /* Build configuration list for PBXProject "PracticeReservationScreen" */ = {
			isa = XCConfigurationList;
			buildConfigurations = (
				FD94BDE31D4A6AA400273C9F /* Debug */,
				FD94BDE41D4A6AA400273C9F /* Release */,
			);
			defaultConfigurationIsVisible = 0;
			defaultConfigurationName = Release;
		};
		FD94BDE51D4A6AA400273C9F /* Build configuration list for PBXNativeTarget "PracticeReservationScreen" */ = {
			isa = XCConfigurationList;
			buildConfigurations = (
				FD94BDE61D4A6AA400273C9F /* Debug */,
				FD94BDE71D4A6AA400273C9F /* Release */,
			);
			defaultConfigurationIsVisible = 0;
		};
/* End XCConfigurationList section */
	};
	rootObject = FD94BDCB1D4A6AA400273C9F /* Project object */;
}
