// !$*UTF8*$!
{
	archiveVersion = 1;
	classes = {
	};
	objectVersion = 46;
	objects = {

/* Begin PBXBuildFile section */
		84DC6735679FA2AC6688339E /* Pods_AfterYoutubeTutorialTest.framework in Frameworks */ = {isa = PBXBuildFile; fileRef = CC937BB705A0953B1402E04F /* Pods_AfterYoutubeTutorialTest.framework */; };
		FD931AC11D52A89800036E7E /* DateTableViewCell.swift in Sources */ = {isa = PBXBuildFile; fileRef = FD931AC01D52A89800036E7E /* DateTableViewCell.swift */; };
		FDC28EA01D4EEEF300D4A93C /* AppDelegate.swift in Sources */ = {isa = PBXBuildFile; fileRef = FDC28E9F1D4EEEF300D4A93C /* AppDelegate.swift */; };
		FDC28EA21D4EEEF300D4A93C /* ViewController.swift in Sources */ = {isa = PBXBuildFile; fileRef = FDC28EA11D4EEEF300D4A93C /* ViewController.swift */; };
		FDC28EA51D4EEEF300D4A93C /* Main.storyboard in Resources */ = {isa = PBXBuildFile; fileRef = FDC28EA31D4EEEF300D4A93C /* Main.storyboard */; };
		FDC28EA71D4EEEF300D4A93C /* Assets.xcassets in Resources */ = {isa = PBXBuildFile; fileRef = FDC28EA61D4EEEF300D4A93C /* Assets.xcassets */; };
		FDC28EAA1D4EEEF300D4A93C /* LaunchScreen.storyboard in Resources */ = {isa = PBXBuildFile; fileRef = FDC28EA81D4EEEF300D4A93C /* LaunchScreen.storyboard */; };
		FDC28EB21D4EEFFB00D4A93C /* GoogleService-Info.plist in Resources */ = {isa = PBXBuildFile; fileRef = FDC28EB11D4EEFFB00D4A93C /* GoogleService-Info.plist */; };
/* End PBXBuildFile section */

/* Begin PBXFileReference section */
		646C93EE84479E982CF6E7CB /* Pods-AfterYoutubeTutorialTest.release.xcconfig */ = {isa = PBXFileReference; includeInIndex = 1; lastKnownFileType = text.xcconfig; name = "Pods-AfterYoutubeTutorialTest.release.xcconfig"; path = "Pods/Target Support Files/Pods-AfterYoutubeTutorialTest/Pods-AfterYoutubeTutorialTest.release.xcconfig"; sourceTree = "<group>"; };
		8A052A3B3A545916ABC5F41E /* Pods-AfterYoutubeTutorialTest.debug.xcconfig */ = {isa = PBXFileReference; includeInIndex = 1; lastKnownFileType = text.xcconfig; name = "Pods-AfterYoutubeTutorialTest.debug.xcconfig"; path = "Pods/Target Support Files/Pods-AfterYoutubeTutorialTest/Pods-AfterYoutubeTutorialTest.debug.xcconfig"; sourceTree = "<group>"; };
		CC937BB705A0953B1402E04F /* Pods_AfterYoutubeTutorialTest.framework */ = {isa = PBXFileReference; explicitFileType = wrapper.framework; includeInIndex = 0; path = Pods_AfterYoutubeTutorialTest.framework; sourceTree = BUILT_PRODUCTS_DIR; };
		FD931AC01D52A89800036E7E /* DateTableViewCell.swift */ = {isa = PBXFileReference; fileEncoding = 4; lastKnownFileType = sourcecode.swift; path = DateTableViewCell.swift; sourceTree = "<group>"; };
		FDC28E9C1D4EEEF300D4A93C /* AfterYoutubeTutorialTest.app */ = {isa = PBXFileReference; explicitFileType = wrapper.application; includeInIndex = 0; path = AfterYoutubeTutorialTest.app; sourceTree = BUILT_PRODUCTS_DIR; };
		FDC28E9F1D4EEEF300D4A93C /* AppDelegate.swift */ = {isa = PBXFileReference; lastKnownFileType = sourcecode.swift; path = AppDelegate.swift; sourceTree = "<group>"; };
		FDC28EA11D4EEEF300D4A93C /* ViewController.swift */ = {isa = PBXFileReference; lastKnownFileType = sourcecode.swift; path = ViewController.swift; sourceTree = "<group>"; };
		FDC28EA41D4EEEF300D4A93C /* Base */ = {isa = PBXFileReference; lastKnownFileType = file.storyboard; name = Base; path = Base.lproj/Main.storyboard; sourceTree = "<group>"; };
		FDC28EA61D4EEEF300D4A93C /* Assets.xcassets */ = {isa = PBXFileReference; lastKnownFileType = folder.assetcatalog; path = Assets.xcassets; sourceTree = "<group>"; };
		FDC28EA91D4EEEF300D4A93C /* Base */ = {isa = PBXFileReference; lastKnownFileType = file.storyboard; name = Base; path = Base.lproj/LaunchScreen.storyboard; sourceTree = "<group>"; };
		FDC28EAB1D4EEEF300D4A93C /* Info.plist */ = {isa = PBXFileReference; lastKnownFileType = text.plist.xml; path = Info.plist; sourceTree = "<group>"; };
		FDC28EB11D4EEFFB00D4A93C /* GoogleService-Info.plist */ = {isa = PBXFileReference; fileEncoding = 4; lastKnownFileType = text.plist.xml; path = "GoogleService-Info.plist"; sourceTree = "<group>"; };
/* End PBXFileReference section */

/* Begin PBXFrameworksBuildPhase section */
		FDC28E991D4EEEF300D4A93C /* Frameworks */ = {
			isa = PBXFrameworksBuildPhase;
			buildActionMask = 2147483647;
			files = (
				84DC6735679FA2AC6688339E /* Pods_AfterYoutubeTutorialTest.framework in Frameworks */,
			);
			runOnlyForDeploymentPostprocessing = 0;
		};
/* End PBXFrameworksBuildPhase section */

/* Begin PBXGroup section */
		0EE3027A6D290BFE850AE655 /* Frameworks */ = {
			isa = PBXGroup;
			children = (
				CC937BB705A0953B1402E04F /* Pods_AfterYoutubeTutorialTest.framework */,
			);
			name = Frameworks;
			sourceTree = "<group>";
		};
		42BFE9A10A1A3F7DAF9162F7 /* Pods */ = {
			isa = PBXGroup;
			children = (
				8A052A3B3A545916ABC5F41E /* Pods-AfterYoutubeTutorialTest.debug.xcconfig */,
				646C93EE84479E982CF6E7CB /* Pods-AfterYoutubeTutorialTest.release.xcconfig */,
			);
			name = Pods;
			sourceTree = "<group>";
		};
		FDC28E931D4EEEF300D4A93C = {
			isa = PBXGroup;
			children = (
				FDC28E9E1D4EEEF300D4A93C /* AfterYoutubeTutorialTest */,
				FDC28E9D1D4EEEF300D4A93C /* Products */,
				42BFE9A10A1A3F7DAF9162F7 /* Pods */,
				0EE3027A6D290BFE850AE655 /* Frameworks */,
			);
			sourceTree = "<group>";
		};
		FDC28E9D1D4EEEF300D4A93C /* Products */ = {
			isa = PBXGroup;
			children = (
				FDC28E9C1D4EEEF300D4A93C /* AfterYoutubeTutorialTest.app */,
			);
			name = Products;
			sourceTree = "<group>";
		};
		FDC28E9E1D4EEEF300D4A93C /* AfterYoutubeTutorialTest */ = {
			isa = PBXGroup;
			children = (
				FDC28E9F1D4EEEF300D4A93C /* AppDelegate.swift */,
				FDC28EA11D4EEEF300D4A93C /* ViewController.swift */,
				FD931AC01D52A89800036E7E /* DateTableViewCell.swift */,
				FDC28EA31D4EEEF300D4A93C /* Main.storyboard */,
				FDC28EA61D4EEEF300D4A93C /* Assets.xcassets */,
				FDC28EA81D4EEEF300D4A93C /* LaunchScreen.storyboard */,
				FDC28EAB1D4EEEF300D4A93C /* Info.plist */,
				FDC28EB11D4EEFFB00D4A93C /* GoogleService-Info.plist */,
			);
			path = AfterYoutubeTutorialTest;
			sourceTree = "<group>";
		};
/* End PBXGroup section */

/* Begin PBXNativeTarget section */
		FDC28E9B1D4EEEF300D4A93C /* AfterYoutubeTutorialTest */ = {
			isa = PBXNativeTarget;
			buildConfigurationList = FDC28EAE1D4EEEF300D4A93C /* Build configuration list for PBXNativeTarget "AfterYoutubeTutorialTest" */;
			buildPhases = (
				1002333AEEFCEEA05DA9D108 /* [CP] Check Pods Manifest.lock */,
				FDC28E981D4EEEF300D4A93C /* Sources */,
				FDC28E991D4EEEF300D4A93C /* Frameworks */,
				FDC28E9A1D4EEEF300D4A93C /* Resources */,
				52A15CBDE6DE4AB7642A4BA2 /* [CP] Embed Pods Frameworks */,
				DCA76F9FF8E66683472E88B4 /* [CP] Copy Pods Resources */,
			);
			buildRules = (
			);
			dependencies = (
			);
			name = AfterYoutubeTutorialTest;
			productName = AfterYoutubeTutorialTest;
			productReference = FDC28E9C1D4EEEF300D4A93C /* AfterYoutubeTutorialTest.app */;
			productType = "com.apple.product-type.application";
		};
/* End PBXNativeTarget section */

/* Begin PBXProject section */
		FDC28E941D4EEEF300D4A93C /* Project object */ = {
			isa = PBXProject;
			attributes = {
				LastSwiftUpdateCheck = 0730;
				LastUpgradeCheck = 0730;
				ORGANIZATIONNAME = "Taylor Frost";
				TargetAttributes = {
					FDC28E9B1D4EEEF300D4A93C = {
						CreatedOnToolsVersion = 7.3.1;
					};
				};
			};
			buildConfigurationList = FDC28E971D4EEEF300D4A93C /* Build configuration list for PBXProject "AfterYoutubeTutorialTest" */;
			compatibilityVersion = "Xcode 3.2";
			developmentRegion = English;
			hasScannedForEncodings = 0;
			knownRegions = (
				en,
				Base,
			);
			mainGroup = FDC28E931D4EEEF300D4A93C;
			productRefGroup = FDC28E9D1D4EEEF300D4A93C /* Products */;
			projectDirPath = "";
			projectRoot = "";
			targets = (
				FDC28E9B1D4EEEF300D4A93C /* AfterYoutubeTutorialTest */,
			);
		};
/* End PBXProject section */

/* Begin PBXResourcesBuildPhase section */
		FDC28E9A1D4EEEF300D4A93C /* Resources */ = {
			isa = PBXResourcesBuildPhase;
			buildActionMask = 2147483647;
			files = (
				FDC28EAA1D4EEEF300D4A93C /* LaunchScreen.storyboard in Resources */,
				FDC28EA71D4EEEF300D4A93C /* Assets.xcassets in Resources */,
				FDC28EB21D4EEFFB00D4A93C /* GoogleService-Info.plist in Resources */,
				FDC28EA51D4EEEF300D4A93C /* Main.storyboard in Resources */,
			);
			runOnlyForDeploymentPostprocessing = 0;
		};
/* End PBXResourcesBuildPhase section */

/* Begin PBXShellScriptBuildPhase section */
		1002333AEEFCEEA05DA9D108 /* [CP] Check Pods Manifest.lock */ = {
			isa = PBXShellScriptBuildPhase;
			buildActionMask = 2147483647;
			files = (
			);
			inputPaths = (
			);
			name = "[CP] Check Pods Manifest.lock";
			outputPaths = (
			);
			runOnlyForDeploymentPostprocessing = 0;
			shellPath = /bin/sh;
			shellScript = "diff \"${PODS_ROOT}/../Podfile.lock\" \"${PODS_ROOT}/Manifest.lock\" > /dev/null\nif [[ $? != 0 ]] ; then\n    cat << EOM\nerror: The sandbox is not in sync with the Podfile.lock. Run 'pod install' or update your CocoaPods installation.\nEOM\n    exit 1\nfi\n";
			showEnvVarsInLog = 0;
		};
		52A15CBDE6DE4AB7642A4BA2 /* [CP] Embed Pods Frameworks */ = {
			isa = PBXShellScriptBuildPhase;
			buildActionMask = 2147483647;
			files = (
			);
			inputPaths = (
			);
			name = "[CP] Embed Pods Frameworks";
			outputPaths = (
			);
			runOnlyForDeploymentPostprocessing = 0;
			shellPath = /bin/sh;
			shellScript = "\"${SRCROOT}/Pods/Target Support Files/Pods-AfterYoutubeTutorialTest/Pods-AfterYoutubeTutorialTest-frameworks.sh\"\n";
			showEnvVarsInLog = 0;
		};
		DCA76F9FF8E66683472E88B4 /* [CP] Copy Pods Resources */ = {
			isa = PBXShellScriptBuildPhase;
			buildActionMask = 2147483647;
			files = (
			);
			inputPaths = (
			);
			name = "[CP] Copy Pods Resources";
			outputPaths = (
			);
			runOnlyForDeploymentPostprocessing = 0;
			shellPath = /bin/sh;
			shellScript = "\"${SRCROOT}/Pods/Target Support Files/Pods-AfterYoutubeTutorialTest/Pods-AfterYoutubeTutorialTest-resources.sh\"\n";
			showEnvVarsInLog = 0;
		};
/* End PBXShellScriptBuildPhase section */

/* Begin PBXSourcesBuildPhase section */
		FDC28E981D4EEEF300D4A93C /* Sources */ = {
			isa = PBXSourcesBuildPhase;
			buildActionMask = 2147483647;
			files = (
				FD931AC11D52A89800036E7E /* DateTableViewCell.swift in Sources */,
				FDC28EA21D4EEEF300D4A93C /* ViewController.swift in Sources */,
				FDC28EA01D4EEEF300D4A93C /* AppDelegate.swift in Sources */,
			);
			runOnlyForDeploymentPostprocessing = 0;
		};
/* End PBXSourcesBuildPhase section */

/* Begin PBXVariantGroup section */
		FDC28EA31D4EEEF300D4A93C /* Main.storyboard */ = {
			isa = PBXVariantGroup;
			children = (
				FDC28EA41D4EEEF300D4A93C /* Base */,
			);
			name = Main.storyboard;
			sourceTree = "<group>";
		};
		FDC28EA81D4EEEF300D4A93C /* LaunchScreen.storyboard */ = {
			isa = PBXVariantGroup;
			children = (
				FDC28EA91D4EEEF300D4A93C /* Base */,
			);
			name = LaunchScreen.storyboard;
			sourceTree = "<group>";
		};
/* End PBXVariantGroup section */

/* Begin XCBuildConfiguration section */
		FDC28EAC1D4EEEF300D4A93C /* Debug */ = {
			isa = XCBuildConfiguration;
			buildSettings = {
				ALWAYS_SEARCH_USER_PATHS = NO;
				CLANG_ANALYZER_NONNULL = YES;
				CLANG_CXX_LANGUAGE_STANDARD = "gnu++0x";
				CLANG_CXX_LIBRARY = "libc++";
				CLANG_ENABLE_MODULES = YES;
				CLANG_ENABLE_OBJC_ARC = YES;
				CLANG_WARN_BOOL_CONVERSION = YES;
				CLANG_WARN_CONSTANT_CONVERSION = YES;
				CLANG_WARN_DIRECT_OBJC_ISA_USAGE = YES_ERROR;
				CLANG_WARN_EMPTY_BODY = YES;
				CLANG_WARN_ENUM_CONVERSION = YES;
				CLANG_WARN_INT_CONVERSION = YES;
				CLANG_WARN_OBJC_ROOT_CLASS = YES_ERROR;
				CLANG_WARN_UNREACHABLE_CODE = YES;
				CLANG_WARN__DUPLICATE_METHOD_MATCH = YES;
				"CODE_SIGN_IDENTITY[sdk=iphoneos*]" = "iPhone Developer";
				COPY_PHASE_STRIP = NO;
				DEBUG_INFORMATION_FORMAT = dwarf;
				ENABLE_STRICT_OBJC_MSGSEND = YES;
				ENABLE_TESTABILITY = YES;
				GCC_C_LANGUAGE_STANDARD = gnu99;
				GCC_DYNAMIC_NO_PIC = NO;
				GCC_NO_COMMON_BLOCKS = YES;
				GCC_OPTIMIZATION_LEVEL = 0;
				GCC_PREPROCESSOR_DEFINITIONS = (
					"DEBUG=1",
					"$(inherited)",
				);
				GCC_WARN_64_TO_32_BIT_CONVERSION = YES;
				GCC_WARN_ABOUT_RETURN_TYPE = YES_ERROR;
				GCC_WARN_UNDECLARED_SELECTOR = YES;
				GCC_WARN_UNINITIALIZED_AUTOS = YES_AGGRESSIVE;
				GCC_WARN_UNUSED_FUNCTION = YES;
				GCC_WARN_UNUSED_VARIABLE = YES;
				IPHONEOS_DEPLOYMENT_TARGET = 9.3;
				MTL_ENABLE_DEBUG_INFO = YES;
				ONLY_ACTIVE_ARCH = YES;
				SDKROOT = iphoneos;
				SWIFT_OPTIMIZATION_LEVEL = "-Onone";
			};
			name = Debug;
		};
		FDC28EAD1D4EEEF300D4A93C /* Release */ = {
			isa = XCBuildConfiguration;
			buildSettings = {
				ALWAYS_SEARCH_USER_PATHS = NO;
				CLANG_ANALYZER_NONNULL = YES;
				CLANG_CXX_LANGUAGE_STANDARD = "gnu++0x";
				CLANG_CXX_LIBRARY = "libc++";
				CLANG_ENABLE_MODULES = YES;
				CLANG_ENABLE_OBJC_ARC = YES;
				CLANG_WARN_BOOL_CONVERSION = YES;
				CLANG_WARN_CONSTANT_CONVERSION = YES;
				CLANG_WARN_DIRECT_OBJC_ISA_USAGE = YES_ERROR;
				CLANG_WARN_EMPTY_BODY = YES;
				CLANG_WARN_ENUM_CONVERSION = YES;
				CLANG_WARN_INT_CONVERSION = YES;
				CLANG_WARN_OBJC_ROOT_CLASS = YES_ERROR;
				CLANG_WARN_UNREACHABLE_CODE = YES;
				CLANG_WARN__DUPLICATE_METHOD_MATCH = YES;
				"CODE_SIGN_IDENTITY[sdk=iphoneos*]" = "iPhone Developer";
				COPY_PHASE_STRIP = NO;
				DEBUG_INFORMATION_FORMAT = "dwarf-with-dsym";
				ENABLE_NS_ASSERTIONS = NO;
				ENABLE_STRICT_OBJC_MSGSEND = YES;
				GCC_C_LANGUAGE_STANDARD = gnu99;
				GCC_NO_COMMON_BLOCKS = YES;
				GCC_WARN_64_TO_32_BIT_CONVERSION = YES;
				GCC_WARN_ABOUT_RETURN_TYPE = YES_ERROR;
				GCC_WARN_UNDECLARED_SELECTOR = YES;
				GCC_WARN_UNINITIALIZED_AUTOS = YES_AGGRESSIVE;
				GCC_WARN_UNUSED_FUNCTION = YES;
				GCC_WARN_UNUSED_VARIABLE = YES;
				IPHONEOS_DEPLOYMENT_TARGET = 9.3;
				MTL_ENABLE_DEBUG_INFO = NO;
				SDKROOT = iphoneos;
				VALIDATE_PRODUCT = YES;
			};
			name = Release;
		};
		FDC28EAF1D4EEEF300D4A93C /* Debug */ = {
			isa = XCBuildConfiguration;
			baseConfigurationReference = 8A052A3B3A545916ABC5F41E /* Pods-AfterYoutubeTutorialTest.debug.xcconfig */;
			buildSettings = {
				ASSETCATALOG_COMPILER_APPICON_NAME = AppIcon;
				INFOPLIST_FILE = AfterYoutubeTutorialTest/Info.plist;
				LD_RUNPATH_SEARCH_PATHS = "$(inherited) @executable_path/Frameworks";
				PRODUCT_BUNDLE_IDENTIFIER = com.FrostEnterprises.AfterYoutubeTutorialTest;
				PRODUCT_NAME = "$(TARGET_NAME)";
			};
			name = Debug;
		};
		FDC28EB01D4EEEF300D4A93C /* Release */ = {
			isa = XCBuildConfiguration;
			baseConfigurationReference = 646C93EE84479E982CF6E7CB /* Pods-AfterYoutubeTutorialTest.release.xcconfig */;
			buildSettings = {
				ASSETCATALOG_COMPILER_APPICON_NAME = AppIcon;
				INFOPLIST_FILE = AfterYoutubeTutorialTest/Info.plist;
				LD_RUNPATH_SEARCH_PATHS = "$(inherited) @executable_path/Frameworks";
				PRODUCT_BUNDLE_IDENTIFIER = com.FrostEnterprises.AfterYoutubeTutorialTest;
				PRODUCT_NAME = "$(TARGET_NAME)";
			};
			name = Release;
		};
/* End XCBuildConfiguration section */

/* Begin XCConfigurationList section */
		FDC28E971D4EEEF300D4A93C /* Build configuration list for PBXProject "AfterYoutubeTutorialTest" */ = {
			isa = XCConfigurationList;
			buildConfigurations = (
				FDC28EAC1D4EEEF300D4A93C /* Debug */,
				FDC28EAD1D4EEEF300D4A93C /* Release */,
			);
			defaultConfigurationIsVisible = 0;
			defaultConfigurationName = Release;
		};
		FDC28EAE1D4EEEF300D4A93C /* Build configuration list for PBXNativeTarget "AfterYoutubeTutorialTest" */ = {
			isa = XCConfigurationList;
			buildConfigurations = (
				FDC28EAF1D4EEEF300D4A93C /* Debug */,
				FDC28EB01D4EEEF300D4A93C /* Release */,
			);
			defaultConfigurationIsVisible = 0;
			defaultConfigurationName = Release;
		};
/* End XCConfigurationList section */
	};
	rootObject = FDC28E941D4EEEF300D4A93C /* Project object */;
}
