// !$*UTF8*$!
{
	archiveVersion = 1;
	classes = {
	};
	objectVersion = 46;
	objects = {

/* Begin PBXBuildFile section */
		33B9A5FF762F2BE34234CA3B /* Pods_Apple_Pay_with_Stripe.framework in Frameworks */ = {isa = PBXBuildFile; fileRef = E95F17E985A612341B00F06E /* Pods_Apple_Pay_with_Stripe.framework */; };
		FDB366141D5917B500E35B8B /* AppDelegate.swift in Sources */ = {isa = PBXBuildFile; fileRef = FDB366131D5917B500E35B8B /* AppDelegate.swift */; };
		FDB366161D5917B500E35B8B /* ViewController.swift in Sources */ = {isa = PBXBuildFile; fileRef = FDB366151D5917B500E35B8B /* ViewController.swift */; };
		FDB366191D5917B500E35B8B /* Main.storyboard in Resources */ = {isa = PBXBuildFile; fileRef = FDB366171D5917B500E35B8B /* Main.storyboard */; };
		FDB3661B1D5917B500E35B8B /* Assets.xcassets in Resources */ = {isa = PBXBuildFile; fileRef = FDB3661A1D5917B500E35B8B /* Assets.xcassets */; };
		FDB3661E1D5917B500E35B8B /* LaunchScreen.storyboard in Resources */ = {isa = PBXBuildFile; fileRef = FDB3661C1D5917B500E35B8B /* LaunchScreen.storyboard */; };
		FDB366271D59330300E35B8B /* Stripe.framework in Frameworks */ = {isa = PBXBuildFile; fileRef = FDB366261D59330300E35B8B /* Stripe.framework */; };
		FDB366291D59867F00E35B8B /* Apple Pay with Stripe.entitlements in Resources */ = {isa = PBXBuildFile; fileRef = FDB366281D59867F00E35B8B /* Apple Pay with Stripe.entitlements */; };
/* End PBXBuildFile section */

/* Begin PBXFileReference section */
		5965D00AB237821CB46E71C8 /* Pods-Apple Pay with Stripe.debug.xcconfig */ = {isa = PBXFileReference; includeInIndex = 1; lastKnownFileType = text.xcconfig; name = "Pods-Apple Pay with Stripe.debug.xcconfig"; path = "Pods/Target Support Files/Pods-Apple Pay with Stripe/Pods-Apple Pay with Stripe.debug.xcconfig"; sourceTree = "<group>"; };
		DE06E60842937BE3448E7C97 /* Pods-Apple Pay with Stripe.release.xcconfig */ = {isa = PBXFileReference; includeInIndex = 1; lastKnownFileType = text.xcconfig; name = "Pods-Apple Pay with Stripe.release.xcconfig"; path = "Pods/Target Support Files/Pods-Apple Pay with Stripe/Pods-Apple Pay with Stripe.release.xcconfig"; sourceTree = "<group>"; };
		E95F17E985A612341B00F06E /* Pods_Apple_Pay_with_Stripe.framework */ = {isa = PBXFileReference; explicitFileType = wrapper.framework; includeInIndex = 0; path = Pods_Apple_Pay_with_Stripe.framework; sourceTree = BUILT_PRODUCTS_DIR; };
		FDB366101D5917B500E35B8B /* Apple Pay with Stripe.app */ = {isa = PBXFileReference; explicitFileType = wrapper.application; includeInIndex = 0; path = "Apple Pay with Stripe.app"; sourceTree = BUILT_PRODUCTS_DIR; };
		FDB366131D5917B500E35B8B /* AppDelegate.swift */ = {isa = PBXFileReference; lastKnownFileType = sourcecode.swift; path = AppDelegate.swift; sourceTree = "<group>"; };
		FDB366151D5917B500E35B8B /* ViewController.swift */ = {isa = PBXFileReference; lastKnownFileType = sourcecode.swift; path = ViewController.swift; sourceTree = "<group>"; };
		FDB366181D5917B500E35B8B /* Base */ = {isa = PBXFileReference; lastKnownFileType = file.storyboard; name = Base; path = Base.lproj/Main.storyboard; sourceTree = "<group>"; };
		FDB3661A1D5917B500E35B8B /* Assets.xcassets */ = {isa = PBXFileReference; lastKnownFileType = folder.assetcatalog; path = Assets.xcassets; sourceTree = "<group>"; };
		FDB3661D1D5917B500E35B8B /* Base */ = {isa = PBXFileReference; lastKnownFileType = file.storyboard; name = Base; path = Base.lproj/LaunchScreen.storyboard; sourceTree = "<group>"; };
		FDB3661F1D5917B500E35B8B /* Info.plist */ = {isa = PBXFileReference; lastKnownFileType = text.plist.xml; path = Info.plist; sourceTree = "<group>"; };
		FDB366261D59330300E35B8B /* Stripe.framework */ = {isa = PBXFileReference; lastKnownFileType = wrapper.framework; path = Stripe.framework; sourceTree = "<group>"; };
		FDB366281D59867F00E35B8B /* Apple Pay with Stripe.entitlements */ = {isa = PBXFileReference; fileEncoding = 4; lastKnownFileType = text.xml; path = "Apple Pay with Stripe.entitlements"; sourceTree = "<group>"; };
/* End PBXFileReference section */

/* Begin PBXFrameworksBuildPhase section */
		FDB3660D1D5917B500E35B8B /* Frameworks */ = {
			isa = PBXFrameworksBuildPhase;
			buildActionMask = 2147483647;
			files = (
				FDB366271D59330300E35B8B /* Stripe.framework in Frameworks */,
				33B9A5FF762F2BE34234CA3B /* Pods_Apple_Pay_with_Stripe.framework in Frameworks */,
			);
			runOnlyForDeploymentPostprocessing = 0;
		};
/* End PBXFrameworksBuildPhase section */

/* Begin PBXGroup section */
		1C91B0B77249E6C3075D7080 /* Frameworks */ = {
			isa = PBXGroup;
			children = (
				E95F17E985A612341B00F06E /* Pods_Apple_Pay_with_Stripe.framework */,
			);
			name = Frameworks;
			sourceTree = "<group>";
		};
		8C09123354829F6C437AA37C /* Pods */ = {
			isa = PBXGroup;
			children = (
				5965D00AB237821CB46E71C8 /* Pods-Apple Pay with Stripe.debug.xcconfig */,
				DE06E60842937BE3448E7C97 /* Pods-Apple Pay with Stripe.release.xcconfig */,
			);
			name = Pods;
			sourceTree = "<group>";
		};
		FDB366071D5917B500E35B8B = {
			isa = PBXGroup;
			children = (
				FDB366121D5917B500E35B8B /* Apple Pay with Stripe */,
				FDB366111D5917B500E35B8B /* Products */,
				8C09123354829F6C437AA37C /* Pods */,
				1C91B0B77249E6C3075D7080 /* Frameworks */,
			);
			sourceTree = "<group>";
		};
		FDB366111D5917B500E35B8B /* Products */ = {
			isa = PBXGroup;
			children = (
				FDB366101D5917B500E35B8B /* Apple Pay with Stripe.app */,
			);
			name = Products;
			sourceTree = "<group>";
		};
		FDB366121D5917B500E35B8B /* Apple Pay with Stripe */ = {
			isa = PBXGroup;
			children = (
				FDB366281D59867F00E35B8B /* Apple Pay with Stripe.entitlements */,
				FDB366131D5917B500E35B8B /* AppDelegate.swift */,
				FDB366151D5917B500E35B8B /* ViewController.swift */,
				FDB366171D5917B500E35B8B /* Main.storyboard */,
				FDB3661A1D5917B500E35B8B /* Assets.xcassets */,
				FDB3661C1D5917B500E35B8B /* LaunchScreen.storyboard */,
				FDB3661F1D5917B500E35B8B /* Info.plist */,
				FDB366261D59330300E35B8B /* Stripe.framework */,
			);
			path = "Apple Pay with Stripe";
			sourceTree = "<group>";
		};
/* End PBXGroup section */

/* Begin PBXNativeTarget section */
		FDB3660F1D5917B500E35B8B /* Apple Pay with Stripe */ = {
			isa = PBXNativeTarget;
			buildConfigurationList = FDB366221D5917B500E35B8B /* Build configuration list for PBXNativeTarget "Apple Pay with Stripe" */;
			buildPhases = (
				3F0BF0F63B0DEA217E659B17 /* [CP] Check Pods Manifest.lock */,
				FDB3660C1D5917B500E35B8B /* Sources */,
				FDB3660D1D5917B500E35B8B /* Frameworks */,
				FDB3660E1D5917B500E35B8B /* Resources */,
				71639F6DDE42D554FE8EE082 /* [CP] Embed Pods Frameworks */,
				330579FBF0D4E97CA8B27073 /* [CP] Copy Pods Resources */,
			);
			buildRules = (
			);
			dependencies = (
			);
			name = "Apple Pay with Stripe";
			productName = "Apple Pay with Stripe";
			productReference = FDB366101D5917B500E35B8B /* Apple Pay with Stripe.app */;
			productType = "com.apple.product-type.application";
		};
/* End PBXNativeTarget section */

/* Begin PBXProject section */
		FDB366081D5917B500E35B8B /* Project object */ = {
			isa = PBXProject;
			attributes = {
				LastSwiftUpdateCheck = 0730;
				LastUpgradeCheck = 0730;
				ORGANIZATIONNAME = "Taylor Frost";
				TargetAttributes = {
					FDB3660F1D5917B500E35B8B = {
						CreatedOnToolsVersion = 7.3.1;
						DevelopmentTeam = 5B22GCUFZ7;
						SystemCapabilities = {
							com.apple.OMC = {
								enabled = 1;
							};
						};
					};
				};
			};
			buildConfigurationList = FDB3660B1D5917B500E35B8B /* Build configuration list for PBXProject "Apple Pay with Stripe" */;
			compatibilityVersion = "Xcode 3.2";
			developmentRegion = English;
			hasScannedForEncodings = 0;
			knownRegions = (
				en,
				Base,
			);
			mainGroup = FDB366071D5917B500E35B8B;
			productRefGroup = FDB366111D5917B500E35B8B /* Products */;
			projectDirPath = "";
			projectRoot = "";
			targets = (
				FDB3660F1D5917B500E35B8B /* Apple Pay with Stripe */,
			);
		};
/* End PBXProject section */

/* Begin PBXResourcesBuildPhase section */
		FDB3660E1D5917B500E35B8B /* Resources */ = {
			isa = PBXResourcesBuildPhase;
			buildActionMask = 2147483647;
			files = (
				FDB3661E1D5917B500E35B8B /* LaunchScreen.storyboard in Resources */,
				FDB3661B1D5917B500E35B8B /* Assets.xcassets in Resources */,
				FDB366191D5917B500E35B8B /* Main.storyboard in Resources */,
				FDB366291D59867F00E35B8B /* Apple Pay with Stripe.entitlements in Resources */,
			);
			runOnlyForDeploymentPostprocessing = 0;
		};
/* End PBXResourcesBuildPhase section */

/* Begin PBXShellScriptBuildPhase section */
		330579FBF0D4E97CA8B27073 /* [CP] Copy Pods Resources */ = {
			isa = PBXShellScriptBuildPhase;
			buildActionMask = 2147483647;
			files = (
			);
			inputPaths = (
			);
			name = "[CP] Copy Pods Resources";
			outputPaths = (
			);
			runOnlyForDeploymentPostprocessing = 0;
			shellPath = /bin/sh;
			shellScript = "\"${SRCROOT}/Pods/Target Support Files/Pods-Apple Pay with Stripe/Pods-Apple Pay with Stripe-resources.sh\"\n";
			showEnvVarsInLog = 0;
		};
		3F0BF0F63B0DEA217E659B17 /* [CP] Check Pods Manifest.lock */ = {
			isa = PBXShellScriptBuildPhase;
			buildActionMask = 2147483647;
			files = (
			);
			inputPaths = (
			);
			name = "[CP] Check Pods Manifest.lock";
			outputPaths = (
			);
			runOnlyForDeploymentPostprocessing = 0;
			shellPath = /bin/sh;
			shellScript = "diff \"${PODS_ROOT}/../Podfile.lock\" \"${PODS_ROOT}/Manifest.lock\" > /dev/null\nif [[ $? != 0 ]] ; then\n    cat << EOM\nerror: The sandbox is not in sync with the Podfile.lock. Run 'pod install' or update your CocoaPods installation.\nEOM\n    exit 1\nfi\n";
			showEnvVarsInLog = 0;
		};
		71639F6DDE42D554FE8EE082 /* [CP] Embed Pods Frameworks */ = {
			isa = PBXShellScriptBuildPhase;
			buildActionMask = 2147483647;
			files = (
			);
			inputPaths = (
			);
			name = "[CP] Embed Pods Frameworks";
			outputPaths = (
			);
			runOnlyForDeploymentPostprocessing = 0;
			shellPath = /bin/sh;
			shellScript = "\"${SRCROOT}/Pods/Target Support Files/Pods-Apple Pay with Stripe/Pods-Apple Pay with Stripe-frameworks.sh\"\n";
			showEnvVarsInLog = 0;
		};
/* End PBXShellScriptBuildPhase section */

/* Begin PBXSourcesBuildPhase section */
		FDB3660C1D5917B500E35B8B /* Sources */ = {
			isa = PBXSourcesBuildPhase;
			buildActionMask = 2147483647;
			files = (
				FDB366161D5917B500E35B8B /* ViewController.swift in Sources */,
				FDB366141D5917B500E35B8B /* AppDelegate.swift in Sources */,
			);
			runOnlyForDeploymentPostprocessing = 0;
		};
/* End PBXSourcesBuildPhase section */

/* Begin PBXVariantGroup section */
		FDB366171D5917B500E35B8B /* Main.storyboard */ = {
			isa = PBXVariantGroup;
			children = (
				FDB366181D5917B500E35B8B /* Base */,
			);
			name = Main.storyboard;
			sourceTree = "<group>";
		};
		FDB3661C1D5917B500E35B8B /* LaunchScreen.storyboard */ = {
			isa = PBXVariantGroup;
			children = (
				FDB3661D1D5917B500E35B8B /* Base */,
			);
			name = LaunchScreen.storyboard;
			sourceTree = "<group>";
		};
/* End PBXVariantGroup section */

/* Begin XCBuildConfiguration section */
		FDB366201D5917B500E35B8B /* Debug */ = {
			isa = XCBuildConfiguration;
			buildSettings = {
				ALWAYS_SEARCH_USER_PATHS = NO;
				CLANG_ANALYZER_NONNULL = YES;
				CLANG_CXX_LANGUAGE_STANDARD = "gnu++0x";
				CLANG_CXX_LIBRARY = "libc++";
				CLANG_ENABLE_MODULES = YES;
				CLANG_ENABLE_OBJC_ARC = YES;
				CLANG_WARN_BOOL_CONVERSION = YES;
				CLANG_WARN_CONSTANT_CONVERSION = YES;
				CLANG_WARN_DIRECT_OBJC_ISA_USAGE = YES_ERROR;
				CLANG_WARN_EMPTY_BODY = YES;
				CLANG_WARN_ENUM_CONVERSION = YES;
				CLANG_WARN_INT_CONVERSION = YES;
				CLANG_WARN_OBJC_ROOT_CLASS = YES_ERROR;
				CLANG_WARN_UNREACHABLE_CODE = YES;
				CLANG_WARN__DUPLICATE_METHOD_MATCH = YES;
				"CODE_SIGN_IDENTITY[sdk=iphoneos*]" = "iPhone Developer";
				COPY_PHASE_STRIP = NO;
				DEBUG_INFORMATION_FORMAT = dwarf;
				ENABLE_STRICT_OBJC_MSGSEND = YES;
				ENABLE_TESTABILITY = YES;
				GCC_C_LANGUAGE_STANDARD = gnu99;
				GCC_DYNAMIC_NO_PIC = NO;
				GCC_NO_COMMON_BLOCKS = YES;
				GCC_OPTIMIZATION_LEVEL = 0;
				GCC_PREPROCESSOR_DEFINITIONS = (
					"DEBUG=1",
					"$(inherited)",
				);
				GCC_WARN_64_TO_32_BIT_CONVERSION = YES;
				GCC_WARN_ABOUT_RETURN_TYPE = YES_ERROR;
				GCC_WARN_UNDECLARED_SELECTOR = YES;
				GCC_WARN_UNINITIALIZED_AUTOS = YES_AGGRESSIVE;
				GCC_WARN_UNUSED_FUNCTION = YES;
				GCC_WARN_UNUSED_VARIABLE = YES;
				IPHONEOS_DEPLOYMENT_TARGET = 9.3;
				MTL_ENABLE_DEBUG_INFO = YES;
				ONLY_ACTIVE_ARCH = YES;
				SDKROOT = iphoneos;
				SWIFT_OPTIMIZATION_LEVEL = "-Onone";
			};
			name = Debug;
		};
		FDB366211D5917B500E35B8B /* Release */ = {
			isa = XCBuildConfiguration;
			buildSettings = {
				ALWAYS_SEARCH_USER_PATHS = NO;
				CLANG_ANALYZER_NONNULL = YES;
				CLANG_CXX_LANGUAGE_STANDARD = "gnu++0x";
				CLANG_CXX_LIBRARY = "libc++";
				CLANG_ENABLE_MODULES = YES;
				CLANG_ENABLE_OBJC_ARC = YES;
				CLANG_WARN_BOOL_CONVERSION = YES;
				CLANG_WARN_CONSTANT_CONVERSION = YES;
				CLANG_WARN_DIRECT_OBJC_ISA_USAGE = YES_ERROR;
				CLANG_WARN_EMPTY_BODY = YES;
				CLANG_WARN_ENUM_CONVERSION = YES;
				CLANG_WARN_INT_CONVERSION = YES;
				CLANG_WARN_OBJC_ROOT_CLASS = YES_ERROR;
				CLANG_WARN_UNREACHABLE_CODE = YES;
				CLANG_WARN__DUPLICATE_METHOD_MATCH = YES;
				"CODE_SIGN_IDENTITY[sdk=iphoneos*]" = "iPhone Developer";
				COPY_PHASE_STRIP = NO;
				DEBUG_INFORMATION_FORMAT = "dwarf-with-dsym";
				ENABLE_NS_ASSERTIONS = NO;
				ENABLE_STRICT_OBJC_MSGSEND = YES;
				GCC_C_LANGUAGE_STANDARD = gnu99;
				GCC_NO_COMMON_BLOCKS = YES;
				GCC_WARN_64_TO_32_BIT_CONVERSION = YES;
				GCC_WARN_ABOUT_RETURN_TYPE = YES_ERROR;
				GCC_WARN_UNDECLARED_SELECTOR = YES;
				GCC_WARN_UNINITIALIZED_AUTOS = YES_AGGRESSIVE;
				GCC_WARN_UNUSED_FUNCTION = YES;
				GCC_WARN_UNUSED_VARIABLE = YES;
				IPHONEOS_DEPLOYMENT_TARGET = 9.3;
				MTL_ENABLE_DEBUG_INFO = NO;
				SDKROOT = iphoneos;
				VALIDATE_PRODUCT = YES;
			};
			name = Release;
		};
		FDB366231D5917B500E35B8B /* Debug */ = {
			isa = XCBuildConfiguration;
			baseConfigurationReference = 5965D00AB237821CB46E71C8 /* Pods-Apple Pay with Stripe.debug.xcconfig */;
			buildSettings = {
				ASSETCATALOG_COMPILER_APPICON_NAME = AppIcon;
				CODE_SIGN_ENTITLEMENTS = "Apple Pay with Stripe/Apple Pay with Stripe.entitlements";
				INFOPLIST_FILE = "Apple Pay with Stripe/Info.plist";
				LD_RUNPATH_SEARCH_PATHS = "$(inherited) @executable_path/Frameworks";
				OTHER_LDFLAGS = "-ObjC";
				PRODUCT_BUNDLE_IDENTIFIER = "com.FrostEnterprises.Apple-Pay-with-Stripe";
				PRODUCT_NAME = "$(TARGET_NAME)";
			};
			name = Debug;
		};
		FDB366241D5917B500E35B8B /* Release */ = {
			isa = XCBuildConfiguration;
			baseConfigurationReference = DE06E60842937BE3448E7C97 /* Pods-Apple Pay with Stripe.release.xcconfig */;
			buildSettings = {
				ASSETCATALOG_COMPILER_APPICON_NAME = AppIcon;
				CODE_SIGN_ENTITLEMENTS = "Apple Pay with Stripe/Apple Pay with Stripe.entitlements";
				INFOPLIST_FILE = "Apple Pay with Stripe/Info.plist";
				LD_RUNPATH_SEARCH_PATHS = "$(inherited) @executable_path/Frameworks";
				OTHER_LDFLAGS = "-ObjC";
				PRODUCT_BUNDLE_IDENTIFIER = "com.FrostEnterprises.Apple-Pay-with-Stripe";
				PRODUCT_NAME = "$(TARGET_NAME)";
			};
			name = Release;
		};
/* End XCBuildConfiguration section */

/* Begin XCConfigurationList section */
		FDB3660B1D5917B500E35B8B /* Build configuration list for PBXProject "Apple Pay with Stripe" */ = {
			isa = XCConfigurationList;
			buildConfigurations = (
				FDB366201D5917B500E35B8B /* Debug */,
				FDB366211D5917B500E35B8B /* Release */,
			);
			defaultConfigurationIsVisible = 0;
			defaultConfigurationName = Release;
		};
		FDB366221D5917B500E35B8B /* Build configuration list for PBXNativeTarget "Apple Pay with Stripe" */ = {
			isa = XCConfigurationList;
			buildConfigurations = (
				FDB366231D5917B500E35B8B /* Debug */,
				FDB366241D5917B500E35B8B /* Release */,
			);
			defaultConfigurationIsVisible = 0;
			defaultConfigurationName = Release;
		};
/* End XCConfigurationList section */
	};
	rootObject = FDB366081D5917B500E35B8B /* Project object */;
}
