// !$*UTF8*$!
{
	archiveVersion = 1;
	classes = {
	};
	objectVersion = 46;
	objects = {

/* Begin PBXBuildFile section */
		FDDFA81E1D47ED2400E687B9 /* AppDelegate.swift in Sources */ = {isa = PBXBuildFile; fileRef = FDDFA81D1D47ED2400E687B9 /* AppDelegate.swift */; };
		FDDFA8201D47ED2400E687B9 /* ViewController.swift in Sources */ = {isa = PBXBuildFile; fileRef = FDDFA81F1D47ED2400E687B9 /* ViewController.swift */; };
		FDDFA8231D47ED2400E687B9 /* Main.storyboard in Resources */ = {isa = PBXBuildFile; fileRef = FDDFA8211D47ED2400E687B9 /* Main.storyboard */; };
		FDDFA8251D47ED2400E687B9 /* Assets.xcassets in Resources */ = {isa = PBXBuildFile; fileRef = FDDFA8241D47ED2400E687B9 /* Assets.xcassets */; };
		FDDFA8281D47ED2400E687B9 /* LaunchScreen.storyboard in Resources */ = {isa = PBXBuildFile; fileRef = FDDFA8261D47ED2400E687B9 /* LaunchScreen.storyboard */; };
		FDDFA8301D47EDB700E687B9 /* Hike.swift in Sources */ = {isa = PBXBuildFile; fileRef = FDDFA82F1D47EDB700E687B9 /* Hike.swift */; };
		FDDFA8321D47EDC400E687B9 /* User.swift in Sources */ = {isa = PBXBuildFile; fileRef = FDDFA8311D47EDC400E687B9 /* User.swift */; };
		FDDFA8361D47F16000E687B9 /* hikes.json in Resources */ = {isa = PBXBuildFile; fileRef = FDDFA8351D47F16000E687B9 /* hikes.json */; };
		FDDFA8381D47F5BE00E687B9 /* HikerTableViewCell.swift in Sources */ = {isa = PBXBuildFile; fileRef = FDDFA8371D47F5BE00E687B9 /* HikerTableViewCell.swift */; };
/* End PBXBuildFile section */

/* Begin PBXFileReference section */
		FDDFA81A1D47ED2400E687B9 /* TableViewTestApp.app */ = {isa = PBXFileReference; explicitFileType = wrapper.application; includeInIndex = 0; path = TableViewTestApp.app; sourceTree = BUILT_PRODUCTS_DIR; };
		FDDFA81D1D47ED2400E687B9 /* AppDelegate.swift */ = {isa = PBXFileReference; lastKnownFileType = sourcecode.swift; path = AppDelegate.swift; sourceTree = "<group>"; };
		FDDFA81F1D47ED2400E687B9 /* ViewController.swift */ = {isa = PBXFileReference; lastKnownFileType = sourcecode.swift; path = ViewController.swift; sourceTree = "<group>"; };
		FDDFA8221D47ED2400E687B9 /* Base */ = {isa = PBXFileReference; lastKnownFileType = file.storyboard; name = Base; path = Base.lproj/Main.storyboard; sourceTree = "<group>"; };
		FDDFA8241D47ED2400E687B9 /* Assets.xcassets */ = {isa = PBXFileReference; lastKnownFileType = folder.assetcatalog; path = Assets.xcassets; sourceTree = "<group>"; };
		FDDFA8271D47ED2400E687B9 /* Base */ = {isa = PBXFileReference; lastKnownFileType = file.storyboard; name = Base; path = Base.lproj/LaunchScreen.storyboard; sourceTree = "<group>"; };
		FDDFA8291D47ED2400E687B9 /* Info.plist */ = {isa = PBXFileReference; lastKnownFileType = text.plist.xml; path = Info.plist; sourceTree = "<group>"; };
		FDDFA82F1D47EDB700E687B9 /* Hike.swift */ = {isa = PBXFileReference; fileEncoding = 4; lastKnownFileType = sourcecode.swift; path = Hike.swift; sourceTree = "<group>"; };
		FDDFA8311D47EDC400E687B9 /* User.swift */ = {isa = PBXFileReference; fileEncoding = 4; lastKnownFileType = sourcecode.swift; path = User.swift; sourceTree = "<group>"; };
		FDDFA8351D47F16000E687B9 /* hikes.json */ = {isa = PBXFileReference; fileEncoding = 4; lastKnownFileType = text.json; path = hikes.json; sourceTree = "<group>"; };
		FDDFA8371D47F5BE00E687B9 /* HikerTableViewCell.swift */ = {isa = PBXFileReference; fileEncoding = 4; lastKnownFileType = sourcecode.swift; path = HikerTableViewCell.swift; sourceTree = "<group>"; };
/* End PBXFileReference section */

/* Begin PBXFrameworksBuildPhase section */
		FDDFA8171D47ED2400E687B9 /* Frameworks */ = {
			isa = PBXFrameworksBuildPhase;
			buildActionMask = 2147483647;
			files = (
			);
			runOnlyForDeploymentPostprocessing = 0;
		};
/* End PBXFrameworksBuildPhase section */

/* Begin PBXGroup section */
		FDDFA8111D47ED2400E687B9 = {
			isa = PBXGroup;
			children = (
				FDDFA81C1D47ED2400E687B9 /* TableViewTestApp */,
				FDDFA81B1D47ED2400E687B9 /* Products */,
				FDDFA8351D47F16000E687B9 /* hikes.json */,
			);
			sourceTree = "<group>";
		};
		FDDFA81B1D47ED2400E687B9 /* Products */ = {
			isa = PBXGroup;
			children = (
				FDDFA81A1D47ED2400E687B9 /* TableViewTestApp.app */,
			);
			name = Products;
			sourceTree = "<group>";
		};
		FDDFA81C1D47ED2400E687B9 /* TableViewTestApp */ = {
			isa = PBXGroup;
			children = (
				FDDFA81D1D47ED2400E687B9 /* AppDelegate.swift */,
				FDDFA8391D47F5C300E687B9 /* Views */,
				FDDFA8331D47EDCD00E687B9 /* Modals */,
				FDDFA8341D47EDF100E687B9 /* Controllers */,
				FDDFA8211D47ED2400E687B9 /* Main.storyboard */,
				FDDFA8241D47ED2400E687B9 /* Assets.xcassets */,
				FDDFA8261D47ED2400E687B9 /* LaunchScreen.storyboard */,
				FDDFA8291D47ED2400E687B9 /* Info.plist */,
			);
			path = TableViewTestApp;
			sourceTree = "<group>";
		};
		FDDFA8331D47EDCD00E687B9 /* Modals */ = {
			isa = PBXGroup;
			children = (
				FDDFA82F1D47EDB700E687B9 /* Hike.swift */,
				FDDFA8311D47EDC400E687B9 /* User.swift */,
			);
			name = Modals;
			sourceTree = "<group>";
		};
		FDDFA8341D47EDF100E687B9 /* Controllers */ = {
			isa = PBXGroup;
			children = (
				FDDFA81F1D47ED2400E687B9 /* ViewController.swift */,
			);
			name = Controllers;
			sourceTree = "<group>";
		};
		FDDFA8391D47F5C300E687B9 /* Views */ = {
			isa = PBXGroup;
			children = (
				FDDFA8371D47F5BE00E687B9 /* HikerTableViewCell.swift */,
			);
			name = Views;
			sourceTree = "<group>";
		};
/* End PBXGroup section */

/* Begin PBXNativeTarget section */
		FDDFA8191D47ED2400E687B9 /* TableViewTestApp */ = {
			isa = PBXNativeTarget;
			buildConfigurationList = FDDFA82C1D47ED2400E687B9 /* Build configuration list for PBXNativeTarget "TableViewTestApp" */;
			buildPhases = (
				FDDFA8161D47ED2400E687B9 /* Sources */,
				FDDFA8171D47ED2400E687B9 /* Frameworks */,
				FDDFA8181D47ED2400E687B9 /* Resources */,
			);
			buildRules = (
			);
			dependencies = (
			);
			name = TableViewTestApp;
			productName = TableViewTestApp;
			productReference = FDDFA81A1D47ED2400E687B9 /* TableViewTestApp.app */;
			productType = "com.apple.product-type.application";
		};
/* End PBXNativeTarget section */

/* Begin PBXProject section */
		FDDFA8121D47ED2400E687B9 /* Project object */ = {
			isa = PBXProject;
			attributes = {
				LastSwiftUpdateCheck = 0730;
				LastUpgradeCheck = 0730;
				ORGANIZATIONNAME = "Taylor Frost";
				TargetAttributes = {
					FDDFA8191D47ED2400E687B9 = {
						CreatedOnToolsVersion = 7.3.1;
					};
				};
			};
			buildConfigurationList = FDDFA8151D47ED2400E687B9 /* Build configuration list for PBXProject "TableViewTestApp" */;
			compatibilityVersion = "Xcode 3.2";
			developmentRegion = English;
			hasScannedForEncodings = 0;
			knownRegions = (
				en,
				Base,
			);
			mainGroup = FDDFA8111D47ED2400E687B9;
			productRefGroup = FDDFA81B1D47ED2400E687B9 /* Products */;
			projectDirPath = "";
			projectRoot = "";
			targets = (
				FDDFA8191D47ED2400E687B9 /* TableViewTestApp */,
			);
		};
/* End PBXProject section */

/* Begin PBXResourcesBuildPhase section */
		FDDFA8181D47ED2400E687B9 /* Resources */ = {
			isa = PBXResourcesBuildPhase;
			buildActionMask = 2147483647;
			files = (
				FDDFA8281D47ED2400E687B9 /* LaunchScreen.storyboard in Resources */,
				FDDFA8251D47ED2400E687B9 /* Assets.xcassets in Resources */,
				FDDFA8361D47F16000E687B9 /* hikes.json in Resources */,
				FDDFA8231D47ED2400E687B9 /* Main.storyboard in Resources */,
			);
			runOnlyForDeploymentPostprocessing = 0;
		};
/* End PBXResourcesBuildPhase section */

/* Begin PBXSourcesBuildPhase section */
		FDDFA8161D47ED2400E687B9 /* Sources */ = {
			isa = PBXSourcesBuildPhase;
			buildActionMask = 2147483647;
			files = (
				FDDFA8321D47EDC400E687B9 /* User.swift in Sources */,
				FDDFA8301D47EDB700E687B9 /* Hike.swift in Sources */,
				FDDFA8201D47ED2400E687B9 /* ViewController.swift in Sources */,
				FDDFA81E1D47ED2400E687B9 /* AppDelegate.swift in Sources */,
				FDDFA8381D47F5BE00E687B9 /* HikerTableViewCell.swift in Sources */,
			);
			runOnlyForDeploymentPostprocessing = 0;
		};
/* End PBXSourcesBuildPhase section */

/* Begin PBXVariantGroup section */
		FDDFA8211D47ED2400E687B9 /* Main.storyboard */ = {
			isa = PBXVariantGroup;
			children = (
				FDDFA8221D47ED2400E687B9 /* Base */,
			);
			name = Main.storyboard;
			sourceTree = "<group>";
		};
		FDDFA8261D47ED2400E687B9 /* LaunchScreen.storyboard */ = {
			isa = PBXVariantGroup;
			children = (
				FDDFA8271D47ED2400E687B9 /* Base */,
			);
			name = LaunchScreen.storyboard;
			sourceTree = "<group>";
		};
/* End PBXVariantGroup section */

/* Begin XCBuildConfiguration section */
		FDDFA82A1D47ED2400E687B9 /* Debug */ = {
			isa = XCBuildConfiguration;
			buildSettings = {
				ALWAYS_SEARCH_USER_PATHS = NO;
				CLANG_ANALYZER_NONNULL = YES;
				CLANG_CXX_LANGUAGE_STANDARD = "gnu++0x";
				CLANG_CXX_LIBRARY = "libc++";
				CLANG_ENABLE_MODULES = YES;
				CLANG_ENABLE_OBJC_ARC = YES;
				CLANG_WARN_BOOL_CONVERSION = YES;
				CLANG_WARN_CONSTANT_CONVERSION = YES;
				CLANG_WARN_DIRECT_OBJC_ISA_USAGE = YES_ERROR;
				CLANG_WARN_EMPTY_BODY = YES;
				CLANG_WARN_ENUM_CONVERSION = YES;
				CLANG_WARN_INT_CONVERSION = YES;
				CLANG_WARN_OBJC_ROOT_CLASS = YES_ERROR;
				CLANG_WARN_UNREACHABLE_CODE = YES;
				CLANG_WARN__DUPLICATE_METHOD_MATCH = YES;
				"CODE_SIGN_IDENTITY[sdk=iphoneos*]" = "iPhone Developer";
				COPY_PHASE_STRIP = NO;
				DEBUG_INFORMATION_FORMAT = dwarf;
				ENABLE_STRICT_OBJC_MSGSEND = YES;
				ENABLE_TESTABILITY = YES;
				GCC_C_LANGUAGE_STANDARD = gnu99;
				GCC_DYNAMIC_NO_PIC = NO;
				GCC_NO_COMMON_BLOCKS = YES;
				GCC_OPTIMIZATION_LEVEL = 0;
				GCC_PREPROCESSOR_DEFINITIONS = (
					"DEBUG=1",
					"$(inherited)",
				);
				GCC_WARN_64_TO_32_BIT_CONVERSION = YES;
				GCC_WARN_ABOUT_RETURN_TYPE = YES_ERROR;
				GCC_WARN_UNDECLARED_SELECTOR = YES;
				GCC_WARN_UNINITIALIZED_AUTOS = YES_AGGRESSIVE;
				GCC_WARN_UNUSED_FUNCTION = YES;
				GCC_WARN_UNUSED_VARIABLE = YES;
				IPHONEOS_DEPLOYMENT_TARGET = 9.3;
				MTL_ENABLE_DEBUG_INFO = YES;
				ONLY_ACTIVE_ARCH = YES;
				SDKROOT = iphoneos;
				SWIFT_OPTIMIZATION_LEVEL = "-Onone";
			};
			name = Debug;
		};
		FDDFA82B1D47ED2400E687B9 /* Release */ = {
			isa = XCBuildConfiguration;
			buildSettings = {
				ALWAYS_SEARCH_USER_PATHS = NO;
				CLANG_ANALYZER_NONNULL = YES;
				CLANG_CXX_LANGUAGE_STANDARD = "gnu++0x";
				CLANG_CXX_LIBRARY = "libc++";
				CLANG_ENABLE_MODULES = YES;
				CLANG_ENABLE_OBJC_ARC = YES;
				CLANG_WARN_BOOL_CONVERSION = YES;
				CLANG_WARN_CONSTANT_CONVERSION = YES;
				CLANG_WARN_DIRECT_OBJC_ISA_USAGE = YES_ERROR;
				CLANG_WARN_EMPTY_BODY = YES;
				CLANG_WARN_ENUM_CONVERSION = YES;
				CLANG_WARN_INT_CONVERSION = YES;
				CLANG_WARN_OBJC_ROOT_CLASS = YES_ERROR;
				CLANG_WARN_UNREACHABLE_CODE = YES;
				CLANG_WARN__DUPLICATE_METHOD_MATCH = YES;
				"CODE_SIGN_IDENTITY[sdk=iphoneos*]" = "iPhone Developer";
				COPY_PHASE_STRIP = NO;
				DEBUG_INFORMATION_FORMAT = "dwarf-with-dsym";
				ENABLE_NS_ASSERTIONS = NO;
				ENABLE_STRICT_OBJC_MSGSEND = YES;
				GCC_C_LANGUAGE_STANDARD = gnu99;
				GCC_NO_COMMON_BLOCKS = YES;
				GCC_WARN_64_TO_32_BIT_CONVERSION = YES;
				GCC_WARN_ABOUT_RETURN_TYPE = YES_ERROR;
				GCC_WARN_UNDECLARED_SELECTOR = YES;
				GCC_WARN_UNINITIALIZED_AUTOS = YES_AGGRESSIVE;
				GCC_WARN_UNUSED_FUNCTION = YES;
				GCC_WARN_UNUSED_VARIABLE = YES;
				IPHONEOS_DEPLOYMENT_TARGET = 9.3;
				MTL_ENABLE_DEBUG_INFO = NO;
				SDKROOT = iphoneos;
				VALIDATE_PRODUCT = YES;
			};
			name = Release;
		};
		FDDFA82D1D47ED2400E687B9 /* Debug */ = {
			isa = XCBuildConfiguration;
			buildSettings = {
				ASSETCATALOG_COMPILER_APPICON_NAME = AppIcon;
				INFOPLIST_FILE = TableViewTestApp/Info.plist;
				LD_RUNPATH_SEARCH_PATHS = "$(inherited) @executable_path/Frameworks";
				PRODUCT_BUNDLE_IDENTIFIER = com.FrostEnterprises.TableViewTestApp;
				PRODUCT_NAME = "$(TARGET_NAME)";
			};
			name = Debug;
		};
		FDDFA82E1D47ED2400E687B9 /* Release */ = {
			isa = XCBuildConfiguration;
			buildSettings = {
				ASSETCATALOG_COMPILER_APPICON_NAME = AppIcon;
				INFOPLIST_FILE = TableViewTestApp/Info.plist;
				LD_RUNPATH_SEARCH_PATHS = "$(inherited) @executable_path/Frameworks";
				PRODUCT_BUNDLE_IDENTIFIER = com.FrostEnterprises.TableViewTestApp;
				PRODUCT_NAME = "$(TARGET_NAME)";
			};
			name = Release;
		};
/* End XCBuildConfiguration section */

/* Begin XCConfigurationList section */
		FDDFA8151D47ED2400E687B9 /* Build configuration list for PBXProject "TableViewTestApp" */ = {
			isa = XCConfigurationList;
			buildConfigurations = (
				FDDFA82A1D47ED2400E687B9 /* Debug */,
				FDDFA82B1D47ED2400E687B9 /* Release */,
			);
			defaultConfigurationIsVisible = 0;
			defaultConfigurationName = Release;
		};
		FDDFA82C1D47ED2400E687B9 /* Build configuration list for PBXNativeTarget "TableViewTestApp" */ = {
			isa = XCConfigurationList;
			buildConfigurations = (
				FDDFA82D1D47ED2400E687B9 /* Debug */,
				FDDFA82E1D47ED2400E687B9 /* Release */,
			);
			defaultConfigurationIsVisible = 0;
		};
/* End XCConfigurationList section */
	};
	rootObject = FDDFA8121D47ED2400E687B9 /* Project object */;
}
