// !$*UTF8*$!
{
	archiveVersion = 1;
	classes = {
	};
	objectVersion = 46;
	objects = {

/* Begin PBXBuildFile section */
		37ED7BD9AA667FCC2636DDAC /* Pods_PaypalPracticeApp.framework in Frameworks */ = {isa = PBXBuildFile; fileRef = 06E17787894D40D39A8EF430 /* Pods_PaypalPracticeApp.framework */; };
		FDC28EC01D4F039E00D4A93C /* AppDelegate.swift in Sources */ = {isa = PBXBuildFile; fileRef = FDC28EBF1D4F039E00D4A93C /* AppDelegate.swift */; };
		FDC28EC21D4F039E00D4A93C /* ViewController.swift in Sources */ = {isa = PBXBuildFile; fileRef = FDC28EC11D4F039E00D4A93C /* ViewController.swift */; };
		FDC28EC51D4F039E00D4A93C /* Main.storyboard in Resources */ = {isa = PBXBuildFile; fileRef = FDC28EC31D4F039E00D4A93C /* Main.storyboard */; };
		FDC28EC71D4F039E00D4A93C /* Assets.xcassets in Resources */ = {isa = PBXBuildFile; fileRef = FDC28EC61D4F039E00D4A93C /* Assets.xcassets */; };
		FDC28ECA1D4F039E00D4A93C /* LaunchScreen.storyboard in Resources */ = {isa = PBXBuildFile; fileRef = FDC28EC81D4F039E00D4A93C /* LaunchScreen.storyboard */; };
		FDC28EDE1D4F096F00D4A93C /* Accelerate.framework in Frameworks */ = {isa = PBXBuildFile; fileRef = FDC28ED51D4F096F00D4A93C /* Accelerate.framework */; };
		FDC28EDF1D4F096F00D4A93C /* AudioToolbox.framework in Frameworks */ = {isa = PBXBuildFile; fileRef = FDC28ED61D4F096F00D4A93C /* AudioToolbox.framework */; };
		FDC28EE01D4F096F00D4A93C /* AVFoundation.framework in Frameworks */ = {isa = PBXBuildFile; fileRef = FDC28ED71D4F096F00D4A93C /* AVFoundation.framework */; };
		FDC28EE11D4F096F00D4A93C /* CoreLocation.framework in Frameworks */ = {isa = PBXBuildFile; fileRef = FDC28ED81D4F096F00D4A93C /* CoreLocation.framework */; };
		FDC28EE21D4F096F00D4A93C /* CoreMedia.framework in Frameworks */ = {isa = PBXBuildFile; fileRef = FDC28ED91D4F096F00D4A93C /* CoreMedia.framework */; };
		FDC28EE31D4F096F00D4A93C /* MessageUI.framework in Frameworks */ = {isa = PBXBuildFile; fileRef = FDC28EDA1D4F096F00D4A93C /* MessageUI.framework */; };
		FDC28EE41D4F096F00D4A93C /* MobileCoreServices.framework in Frameworks */ = {isa = PBXBuildFile; fileRef = FDC28EDB1D4F096F00D4A93C /* MobileCoreServices.framework */; };
		FDC28EE51D4F096F00D4A93C /* SafariServices.framework in Frameworks */ = {isa = PBXBuildFile; fileRef = FDC28EDC1D4F096F00D4A93C /* SafariServices.framework */; };
		FDC28EE61D4F096F00D4A93C /* SystemConfiguration.framework in Frameworks */ = {isa = PBXBuildFile; fileRef = FDC28EDD1D4F096F00D4A93C /* SystemConfiguration.framework */; };
/* End PBXBuildFile section */

/* Begin PBXFileReference section */
		06E17787894D40D39A8EF430 /* Pods_PaypalPracticeApp.framework */ = {isa = PBXFileReference; explicitFileType = wrapper.framework; includeInIndex = 0; path = Pods_PaypalPracticeApp.framework; sourceTree = BUILT_PRODUCTS_DIR; };
		96D2419625200562F2E6B0E0 /* Pods-PaypalPracticeApp.debug.xcconfig */ = {isa = PBXFileReference; includeInIndex = 1; lastKnownFileType = text.xcconfig; name = "Pods-PaypalPracticeApp.debug.xcconfig"; path = "Pods/Target Support Files/Pods-PaypalPracticeApp/Pods-PaypalPracticeApp.debug.xcconfig"; sourceTree = "<group>"; };
		AF013E5FA92744507C706FA9 /* Pods-PaypalPracticeApp.release.xcconfig */ = {isa = PBXFileReference; includeInIndex = 1; lastKnownFileType = text.xcconfig; name = "Pods-PaypalPracticeApp.release.xcconfig"; path = "Pods/Target Support Files/Pods-PaypalPracticeApp/Pods-PaypalPracticeApp.release.xcconfig"; sourceTree = "<group>"; };
		FDC28EBC1D4F039E00D4A93C /* PaypalPracticeApp.app */ = {isa = PBXFileReference; explicitFileType = wrapper.application; includeInIndex = 0; path = PaypalPracticeApp.app; sourceTree = BUILT_PRODUCTS_DIR; };
		FDC28EBF1D4F039E00D4A93C /* AppDelegate.swift */ = {isa = PBXFileReference; lastKnownFileType = sourcecode.swift; path = AppDelegate.swift; sourceTree = "<group>"; };
		FDC28EC11D4F039E00D4A93C /* ViewController.swift */ = {isa = PBXFileReference; lastKnownFileType = sourcecode.swift; path = ViewController.swift; sourceTree = "<group>"; };
		FDC28EC41D4F039E00D4A93C /* Base */ = {isa = PBXFileReference; lastKnownFileType = file.storyboard; name = Base; path = Base.lproj/Main.storyboard; sourceTree = "<group>"; };
		FDC28EC61D4F039E00D4A93C /* Assets.xcassets */ = {isa = PBXFileReference; lastKnownFileType = folder.assetcatalog; path = Assets.xcassets; sourceTree = "<group>"; };
		FDC28EC91D4F039E00D4A93C /* Base */ = {isa = PBXFileReference; lastKnownFileType = file.storyboard; name = Base; path = Base.lproj/LaunchScreen.storyboard; sourceTree = "<group>"; };
		FDC28ECB1D4F039E00D4A93C /* Info.plist */ = {isa = PBXFileReference; lastKnownFileType = text.plist.xml; path = Info.plist; sourceTree = "<group>"; };
		FDC28ED11D4F06F000D4A93C /* PaypalPracticeApp-Bridging-Header.h */ = {isa = PBXFileReference; lastKnownFileType = sourcecode.c.h; path = "PaypalPracticeApp-Bridging-Header.h"; sourceTree = "<group>"; };
		FDC28ED41D4F080600D4A93C /* ZZAppDelegate.h */ = {isa = PBXFileReference; lastKnownFileType = sourcecode.c.h; path = ZZAppDelegate.h; sourceTree = "<group>"; };
		FDC28ED51D4F096F00D4A93C /* Accelerate.framework */ = {isa = PBXFileReference; lastKnownFileType = wrapper.framework; name = Accelerate.framework; path = System/Library/Frameworks/Accelerate.framework; sourceTree = SDKROOT; };
		FDC28ED61D4F096F00D4A93C /* AudioToolbox.framework */ = {isa = PBXFileReference; lastKnownFileType = wrapper.framework; name = AudioToolbox.framework; path = System/Library/Frameworks/AudioToolbox.framework; sourceTree = SDKROOT; };
		FDC28ED71D4F096F00D4A93C /* AVFoundation.framework */ = {isa = PBXFileReference; lastKnownFileType = wrapper.framework; name = AVFoundation.framework; path = System/Library/Frameworks/AVFoundation.framework; sourceTree = SDKROOT; };
		FDC28ED81D4F096F00D4A93C /* CoreLocation.framework */ = {isa = PBXFileReference; lastKnownFileType = wrapper.framework; name = CoreLocation.framework; path = System/Library/Frameworks/CoreLocation.framework; sourceTree = SDKROOT; };
		FDC28ED91D4F096F00D4A93C /* CoreMedia.framework */ = {isa = PBXFileReference; lastKnownFileType = wrapper.framework; name = CoreMedia.framework; path = System/Library/Frameworks/CoreMedia.framework; sourceTree = SDKROOT; };
		FDC28EDA1D4F096F00D4A93C /* MessageUI.framework */ = {isa = PBXFileReference; lastKnownFileType = wrapper.framework; name = MessageUI.framework; path = System/Library/Frameworks/MessageUI.framework; sourceTree = SDKROOT; };
		FDC28EDB1D4F096F00D4A93C /* MobileCoreServices.framework */ = {isa = PBXFileReference; lastKnownFileType = wrapper.framework; name = MobileCoreServices.framework; path = System/Library/Frameworks/MobileCoreServices.framework; sourceTree = SDKROOT; };
		FDC28EDC1D4F096F00D4A93C /* SafariServices.framework */ = {isa = PBXFileReference; lastKnownFileType = wrapper.framework; name = SafariServices.framework; path = System/Library/Frameworks/SafariServices.framework; sourceTree = SDKROOT; };
		FDC28EDD1D4F096F00D4A93C /* SystemConfiguration.framework */ = {isa = PBXFileReference; lastKnownFileType = wrapper.framework; name = SystemConfiguration.framework; path = System/Library/Frameworks/SystemConfiguration.framework; sourceTree = SDKROOT; };
/* End PBXFileReference section */

/* Begin PBXFrameworksBuildPhase section */
		FDC28EB91D4F039E00D4A93C /* Frameworks */ = {
			isa = PBXFrameworksBuildPhase;
			buildActionMask = 2147483647;
			files = (
				FDC28EDE1D4F096F00D4A93C /* Accelerate.framework in Frameworks */,
				FDC28EDF1D4F096F00D4A93C /* AudioToolbox.framework in Frameworks */,
				FDC28EE01D4F096F00D4A93C /* AVFoundation.framework in Frameworks */,
				FDC28EE11D4F096F00D4A93C /* CoreLocation.framework in Frameworks */,
				FDC28EE21D4F096F00D4A93C /* CoreMedia.framework in Frameworks */,
				FDC28EE31D4F096F00D4A93C /* MessageUI.framework in Frameworks */,
				FDC28EE41D4F096F00D4A93C /* MobileCoreServices.framework in Frameworks */,
				FDC28EE51D4F096F00D4A93C /* SafariServices.framework in Frameworks */,
				FDC28EE61D4F096F00D4A93C /* SystemConfiguration.framework in Frameworks */,
				37ED7BD9AA667FCC2636DDAC /* Pods_PaypalPracticeApp.framework in Frameworks */,
			);
			runOnlyForDeploymentPostprocessing = 0;
		};
/* End PBXFrameworksBuildPhase section */

/* Begin PBXGroup section */
		61C983E934A8D3D1D789606D /* Pods */ = {
			isa = PBXGroup;
			children = (
				96D2419625200562F2E6B0E0 /* Pods-PaypalPracticeApp.debug.xcconfig */,
				AF013E5FA92744507C706FA9 /* Pods-PaypalPracticeApp.release.xcconfig */,
			);
			name = Pods;
			sourceTree = "<group>";
		};
		E5688EF03C632A796AD2C92D /* Frameworks */ = {
			isa = PBXGroup;
			children = (
				FDC28ED51D4F096F00D4A93C /* Accelerate.framework */,
				FDC28ED61D4F096F00D4A93C /* AudioToolbox.framework */,
				FDC28ED71D4F096F00D4A93C /* AVFoundation.framework */,
				FDC28ED81D4F096F00D4A93C /* CoreLocation.framework */,
				FDC28ED91D4F096F00D4A93C /* CoreMedia.framework */,
				FDC28EDA1D4F096F00D4A93C /* MessageUI.framework */,
				FDC28EDB1D4F096F00D4A93C /* MobileCoreServices.framework */,
				FDC28EDC1D4F096F00D4A93C /* SafariServices.framework */,
				FDC28EDD1D4F096F00D4A93C /* SystemConfiguration.framework */,
				06E17787894D40D39A8EF430 /* Pods_PaypalPracticeApp.framework */,
			);
			name = Frameworks;
			sourceTree = "<group>";
		};
		FDC28EB31D4F039E00D4A93C = {
			isa = PBXGroup;
			children = (
				FDC28EBE1D4F039E00D4A93C /* PaypalPracticeApp */,
				FDC28EBD1D4F039E00D4A93C /* Products */,
				61C983E934A8D3D1D789606D /* Pods */,
				E5688EF03C632A796AD2C92D /* Frameworks */,
			);
			sourceTree = "<group>";
		};
		FDC28EBD1D4F039E00D4A93C /* Products */ = {
			isa = PBXGroup;
			children = (
				FDC28EBC1D4F039E00D4A93C /* PaypalPracticeApp.app */,
			);
			name = Products;
			sourceTree = "<group>";
		};
		FDC28EBE1D4F039E00D4A93C /* PaypalPracticeApp */ = {
			isa = PBXGroup;
			children = (
				FDC28EBF1D4F039E00D4A93C /* AppDelegate.swift */,
				FDC28EC11D4F039E00D4A93C /* ViewController.swift */,
				FDC28EC31D4F039E00D4A93C /* Main.storyboard */,
				FDC28EC61D4F039E00D4A93C /* Assets.xcassets */,
				FDC28EC81D4F039E00D4A93C /* LaunchScreen.storyboard */,
				FDC28ECB1D4F039E00D4A93C /* Info.plist */,
				FDC28ED11D4F06F000D4A93C /* PaypalPracticeApp-Bridging-Header.h */,
				FDC28ED41D4F080600D4A93C /* ZZAppDelegate.h */,
			);
			path = PaypalPracticeApp;
			sourceTree = "<group>";
		};
/* End PBXGroup section */

/* Begin PBXNativeTarget section */
		FDC28EBB1D4F039E00D4A93C /* PaypalPracticeApp */ = {
			isa = PBXNativeTarget;
			buildConfigurationList = FDC28ECE1D4F039E00D4A93C /* Build configuration list for PBXNativeTarget "PaypalPracticeApp" */;
			buildPhases = (
				B513ECD50DF746F5528B4081 /* [CP] Check Pods Manifest.lock */,
				FDC28EB81D4F039E00D4A93C /* Sources */,
				FDC28EB91D4F039E00D4A93C /* Frameworks */,
				FDC28EBA1D4F039E00D4A93C /* Resources */,
				26D1E7093058A9F15EB6AD90 /* [CP] Embed Pods Frameworks */,
				C16BEE4CB527EA3BC4696998 /* [CP] Copy Pods Resources */,
			);
			buildRules = (
			);
			dependencies = (
			);
			name = PaypalPracticeApp;
			productName = PaypalPracticeApp;
			productReference = FDC28EBC1D4F039E00D4A93C /* PaypalPracticeApp.app */;
			productType = "com.apple.product-type.application";
		};
/* End PBXNativeTarget section */

/* Begin PBXProject section */
		FDC28EB41D4F039E00D4A93C /* Project object */ = {
			isa = PBXProject;
			attributes = {
				LastSwiftUpdateCheck = 0730;
				LastUpgradeCheck = 0730;
				ORGANIZATIONNAME = "Taylor Frost";
				TargetAttributes = {
					FDC28EBB1D4F039E00D4A93C = {
						CreatedOnToolsVersion = 7.3.1;
					};
				};
			};
			buildConfigurationList = FDC28EB71D4F039E00D4A93C /* Build configuration list for PBXProject "PaypalPracticeApp" */;
			compatibilityVersion = "Xcode 3.2";
			developmentRegion = English;
			hasScannedForEncodings = 0;
			knownRegions = (
				en,
				Base,
			);
			mainGroup = FDC28EB31D4F039E00D4A93C;
			productRefGroup = FDC28EBD1D4F039E00D4A93C /* Products */;
			projectDirPath = "";
			projectRoot = "";
			targets = (
				FDC28EBB1D4F039E00D4A93C /* PaypalPracticeApp */,
			);
		};
/* End PBXProject section */

/* Begin PBXResourcesBuildPhase section */
		FDC28EBA1D4F039E00D4A93C /* Resources */ = {
			isa = PBXResourcesBuildPhase;
			buildActionMask = 2147483647;
			files = (
				FDC28ECA1D4F039E00D4A93C /* LaunchScreen.storyboard in Resources */,
				FDC28EC71D4F039E00D4A93C /* Assets.xcassets in Resources */,
				FDC28EC51D4F039E00D4A93C /* Main.storyboard in Resources */,
			);
			runOnlyForDeploymentPostprocessing = 0;
		};
/* End PBXResourcesBuildPhase section */

/* Begin PBXShellScriptBuildPhase section */
		26D1E7093058A9F15EB6AD90 /* [CP] Embed Pods Frameworks */ = {
			isa = PBXShellScriptBuildPhase;
			buildActionMask = 2147483647;
			files = (
			);
			inputPaths = (
			);
			name = "[CP] Embed Pods Frameworks";
			outputPaths = (
			);
			runOnlyForDeploymentPostprocessing = 0;
			shellPath = /bin/sh;
			shellScript = "\"${SRCROOT}/Pods/Target Support Files/Pods-PaypalPracticeApp/Pods-PaypalPracticeApp-frameworks.sh\"\n";
			showEnvVarsInLog = 0;
		};
		B513ECD50DF746F5528B4081 /* [CP] Check Pods Manifest.lock */ = {
			isa = PBXShellScriptBuildPhase;
			buildActionMask = 2147483647;
			files = (
			);
			inputPaths = (
			);
			name = "[CP] Check Pods Manifest.lock";
			outputPaths = (
			);
			runOnlyForDeploymentPostprocessing = 0;
			shellPath = /bin/sh;
			shellScript = "diff \"${PODS_ROOT}/../Podfile.lock\" \"${PODS_ROOT}/Manifest.lock\" > /dev/null\nif [[ $? != 0 ]] ; then\n    cat << EOM\nerror: The sandbox is not in sync with the Podfile.lock. Run 'pod install' or update your CocoaPods installation.\nEOM\n    exit 1\nfi\n";
			showEnvVarsInLog = 0;
		};
		C16BEE4CB527EA3BC4696998 /* [CP] Copy Pods Resources */ = {
			isa = PBXShellScriptBuildPhase;
			buildActionMask = 2147483647;
			files = (
			);
			inputPaths = (
			);
			name = "[CP] Copy Pods Resources";
			outputPaths = (
			);
			runOnlyForDeploymentPostprocessing = 0;
			shellPath = /bin/sh;
			shellScript = "\"${SRCROOT}/Pods/Target Support Files/Pods-PaypalPracticeApp/Pods-PaypalPracticeApp-resources.sh\"\n";
			showEnvVarsInLog = 0;
		};
/* End PBXShellScriptBuildPhase section */

/* Begin PBXSourcesBuildPhase section */
		FDC28EB81D4F039E00D4A93C /* Sources */ = {
			isa = PBXSourcesBuildPhase;
			buildActionMask = 2147483647;
			files = (
				FDC28EC21D4F039E00D4A93C /* ViewController.swift in Sources */,
				FDC28EC01D4F039E00D4A93C /* AppDelegate.swift in Sources */,
			);
			runOnlyForDeploymentPostprocessing = 0;
		};
/* End PBXSourcesBuildPhase section */

/* Begin PBXVariantGroup section */
		FDC28EC31D4F039E00D4A93C /* Main.storyboard */ = {
			isa = PBXVariantGroup;
			children = (
				FDC28EC41D4F039E00D4A93C /* Base */,
			);
			name = Main.storyboard;
			sourceTree = "<group>";
		};
		FDC28EC81D4F039E00D4A93C /* LaunchScreen.storyboard */ = {
			isa = PBXVariantGroup;
			children = (
				FDC28EC91D4F039E00D4A93C /* Base */,
			);
			name = LaunchScreen.storyboard;
			sourceTree = "<group>";
		};
/* End PBXVariantGroup section */

/* Begin XCBuildConfiguration section */
		FDC28ECC1D4F039E00D4A93C /* Debug */ = {
			isa = XCBuildConfiguration;
			buildSettings = {
				ALWAYS_SEARCH_USER_PATHS = NO;
				CLANG_ANALYZER_NONNULL = YES;
				CLANG_CXX_LANGUAGE_STANDARD = "gnu++0x";
				CLANG_CXX_LIBRARY = "libc++";
				CLANG_ENABLE_MODULES = YES;
				CLANG_ENABLE_OBJC_ARC = YES;
				CLANG_WARN_BOOL_CONVERSION = YES;
				CLANG_WARN_CONSTANT_CONVERSION = YES;
				CLANG_WARN_DIRECT_OBJC_ISA_USAGE = YES_ERROR;
				CLANG_WARN_EMPTY_BODY = YES;
				CLANG_WARN_ENUM_CONVERSION = YES;
				CLANG_WARN_INT_CONVERSION = YES;
				CLANG_WARN_OBJC_ROOT_CLASS = YES_ERROR;
				CLANG_WARN_UNREACHABLE_CODE = YES;
				CLANG_WARN__DUPLICATE_METHOD_MATCH = YES;
				"CODE_SIGN_IDENTITY[sdk=iphoneos*]" = "iPhone Developer";
				COPY_PHASE_STRIP = NO;
				DEBUG_INFORMATION_FORMAT = dwarf;
				ENABLE_STRICT_OBJC_MSGSEND = YES;
				ENABLE_TESTABILITY = YES;
				GCC_C_LANGUAGE_STANDARD = gnu99;
				GCC_DYNAMIC_NO_PIC = NO;
				GCC_NO_COMMON_BLOCKS = YES;
				GCC_OPTIMIZATION_LEVEL = 0;
				GCC_PREPROCESSOR_DEFINITIONS = (
					"DEBUG=1",
					"$(inherited)",
				);
				GCC_WARN_64_TO_32_BIT_CONVERSION = YES;
				GCC_WARN_ABOUT_RETURN_TYPE = YES_ERROR;
				GCC_WARN_UNDECLARED_SELECTOR = YES;
				GCC_WARN_UNINITIALIZED_AUTOS = YES_AGGRESSIVE;
				GCC_WARN_UNUSED_FUNCTION = YES;
				GCC_WARN_UNUSED_VARIABLE = YES;
				IPHONEOS_DEPLOYMENT_TARGET = 9.3;
				MTL_ENABLE_DEBUG_INFO = YES;
				ONLY_ACTIVE_ARCH = YES;
				SDKROOT = iphoneos;
				SWIFT_OPTIMIZATION_LEVEL = "-Onone";
			};
			name = Debug;
		};
		FDC28ECD1D4F039E00D4A93C /* Release */ = {
			isa = XCBuildConfiguration;
			buildSettings = {
				ALWAYS_SEARCH_USER_PATHS = NO;
				CLANG_ANALYZER_NONNULL = YES;
				CLANG_CXX_LANGUAGE_STANDARD = "gnu++0x";
				CLANG_CXX_LIBRARY = "libc++";
				CLANG_ENABLE_MODULES = YES;
				CLANG_ENABLE_OBJC_ARC = YES;
				CLANG_WARN_BOOL_CONVERSION = YES;
				CLANG_WARN_CONSTANT_CONVERSION = YES;
				CLANG_WARN_DIRECT_OBJC_ISA_USAGE = YES_ERROR;
				CLANG_WARN_EMPTY_BODY = YES;
				CLANG_WARN_ENUM_CONVERSION = YES;
				CLANG_WARN_INT_CONVERSION = YES;
				CLANG_WARN_OBJC_ROOT_CLASS = YES_ERROR;
				CLANG_WARN_UNREACHABLE_CODE = YES;
				CLANG_WARN__DUPLICATE_METHOD_MATCH = YES;
				"CODE_SIGN_IDENTITY[sdk=iphoneos*]" = "iPhone Developer";
				COPY_PHASE_STRIP = NO;
				DEBUG_INFORMATION_FORMAT = "dwarf-with-dsym";
				ENABLE_NS_ASSERTIONS = NO;
				ENABLE_STRICT_OBJC_MSGSEND = YES;
				GCC_C_LANGUAGE_STANDARD = gnu99;
				GCC_NO_COMMON_BLOCKS = YES;
				GCC_WARN_64_TO_32_BIT_CONVERSION = YES;
				GCC_WARN_ABOUT_RETURN_TYPE = YES_ERROR;
				GCC_WARN_UNDECLARED_SELECTOR = YES;
				GCC_WARN_UNINITIALIZED_AUTOS = YES_AGGRESSIVE;
				GCC_WARN_UNUSED_FUNCTION = YES;
				GCC_WARN_UNUSED_VARIABLE = YES;
				IPHONEOS_DEPLOYMENT_TARGET = 9.3;
				MTL_ENABLE_DEBUG_INFO = NO;
				SDKROOT = iphoneos;
				VALIDATE_PRODUCT = YES;
			};
			name = Release;
		};
		FDC28ECF1D4F039E00D4A93C /* Debug */ = {
			isa = XCBuildConfiguration;
			baseConfigurationReference = 96D2419625200562F2E6B0E0 /* Pods-PaypalPracticeApp.debug.xcconfig */;
			buildSettings = {
				ASSETCATALOG_COMPILER_APPICON_NAME = AppIcon;
				CLANG_ENABLE_MODULES = YES;
				INFOPLIST_FILE = PaypalPracticeApp/Info.plist;
				LD_RUNPATH_SEARCH_PATHS = "$(inherited) @executable_path/Frameworks";
				PRODUCT_BUNDLE_IDENTIFIER = com.FrostEnterprises.PaypalPracticeApp;
				PRODUCT_NAME = "$(TARGET_NAME)";
				SWIFT_OBJC_BRIDGING_HEADER = "PaypalPracticeApp/PaypalPracticeApp-Bridging-Header.h";
				SWIFT_OPTIMIZATION_LEVEL = "-Onone";
			};
			name = Debug;
		};
		FDC28ED01D4F039E00D4A93C /* Release */ = {
			isa = XCBuildConfiguration;
			baseConfigurationReference = AF013E5FA92744507C706FA9 /* Pods-PaypalPracticeApp.release.xcconfig */;
			buildSettings = {
				ASSETCATALOG_COMPILER_APPICON_NAME = AppIcon;
				CLANG_ENABLE_MODULES = YES;
				INFOPLIST_FILE = PaypalPracticeApp/Info.plist;
				LD_RUNPATH_SEARCH_PATHS = "$(inherited) @executable_path/Frameworks";
				PRODUCT_BUNDLE_IDENTIFIER = com.FrostEnterprises.PaypalPracticeApp;
				PRODUCT_NAME = "$(TARGET_NAME)";
				SWIFT_OBJC_BRIDGING_HEADER = "PaypalPracticeApp/PaypalPracticeApp-Bridging-Header.h";
			};
			name = Release;
		};
/* End XCBuildConfiguration section */

/* Begin XCConfigurationList section */
		FDC28EB71D4F039E00D4A93C /* Build configuration list for PBXProject "PaypalPracticeApp" */ = {
			isa = XCConfigurationList;
			buildConfigurations = (
				FDC28ECC1D4F039E00D4A93C /* Debug */,
				FDC28ECD1D4F039E00D4A93C /* Release */,
			);
			defaultConfigurationIsVisible = 0;
			defaultConfigurationName = Release;
		};
		FDC28ECE1D4F039E00D4A93C /* Build configuration list for PBXNativeTarget "PaypalPracticeApp" */ = {
			isa = XCConfigurationList;
			buildConfigurations = (
				FDC28ECF1D4F039E00D4A93C /* Debug */,
				FDC28ED01D4F039E00D4A93C /* Release */,
			);
			defaultConfigurationIsVisible = 0;
			defaultConfigurationName = Release;
		};
/* End XCConfigurationList section */
	};
	rootObject = FDC28EB41D4F039E00D4A93C /* Project object */;
}
