// !$*UTF8*$!
{
	archiveVersion = 1;
	classes = {
	};
	objectVersion = 46;
	objects = {

/* Begin PBXBuildFile section */
		FD0205501D59054800C6B737 /* AppDelegate.swift in Sources */ = {isa = PBXBuildFile; fileRef = FD02054F1D59054800C6B737 /* AppDelegate.swift */; };
		FD0205521D59054800C6B737 /* ViewController.swift in Sources */ = {isa = PBXBuildFile; fileRef = FD0205511D59054800C6B737 /* ViewController.swift */; };
		FD0205551D59054800C6B737 /* Main.storyboard in Resources */ = {isa = PBXBuildFile; fileRef = FD0205531D59054800C6B737 /* Main.storyboard */; };
		FD0205571D59054800C6B737 /* Assets.xcassets in Resources */ = {isa = PBXBuildFile; fileRef = FD0205561D59054800C6B737 /* Assets.xcassets */; };
		FD02055A1D59054800C6B737 /* LaunchScreen.storyboard in Resources */ = {isa = PBXBuildFile; fileRef = FD0205581D59054800C6B737 /* LaunchScreen.storyboard */; };
/* End PBXBuildFile section */

/* Begin PBXFileReference section */
		FD02054C1D59054800C6B737 /* LyndaPayTest.app */ = {isa = PBXFileReference; explicitFileType = wrapper.application; includeInIndex = 0; path = LyndaPayTest.app; sourceTree = BUILT_PRODUCTS_DIR; };
		FD02054F1D59054800C6B737 /* AppDelegate.swift */ = {isa = PBXFileReference; lastKnownFileType = sourcecode.swift; path = AppDelegate.swift; sourceTree = "<group>"; };
		FD0205511D59054800C6B737 /* ViewController.swift */ = {isa = PBXFileReference; lastKnownFileType = sourcecode.swift; path = ViewController.swift; sourceTree = "<group>"; };
		FD0205541D59054800C6B737 /* Base */ = {isa = PBXFileReference; lastKnownFileType = file.storyboard; name = Base; path = Base.lproj/Main.storyboard; sourceTree = "<group>"; };
		FD0205561D59054800C6B737 /* Assets.xcassets */ = {isa = PBXFileReference; lastKnownFileType = folder.assetcatalog; path = Assets.xcassets; sourceTree = "<group>"; };
		FD0205591D59054800C6B737 /* Base */ = {isa = PBXFileReference; lastKnownFileType = file.storyboard; name = Base; path = Base.lproj/LaunchScreen.storyboard; sourceTree = "<group>"; };
		FD02055B1D59054800C6B737 /* Info.plist */ = {isa = PBXFileReference; lastKnownFileType = text.plist.xml; path = Info.plist; sourceTree = "<group>"; };
/* End PBXFileReference section */

/* Begin PBXFrameworksBuildPhase section */
		FD0205491D59054800C6B737 /* Frameworks */ = {
			isa = PBXFrameworksBuildPhase;
			buildActionMask = 2147483647;
			files = (
			);
			runOnlyForDeploymentPostprocessing = 0;
		};
/* End PBXFrameworksBuildPhase section */

/* Begin PBXGroup section */
		FD0205431D59054800C6B737 = {
			isa = PBXGroup;
			children = (
				FD02054E1D59054800C6B737 /* LyndaPayTest */,
				FD02054D1D59054800C6B737 /* Products */,
			);
			sourceTree = "<group>";
		};
		FD02054D1D59054800C6B737 /* Products */ = {
			isa = PBXGroup;
			children = (
				FD02054C1D59054800C6B737 /* LyndaPayTest.app */,
			);
			name = Products;
			sourceTree = "<group>";
		};
		FD02054E1D59054800C6B737 /* LyndaPayTest */ = {
			isa = PBXGroup;
			children = (
				FD02054F1D59054800C6B737 /* AppDelegate.swift */,
				FD0205511D59054800C6B737 /* ViewController.swift */,
				FD0205531D59054800C6B737 /* Main.storyboard */,
				FD0205561D59054800C6B737 /* Assets.xcassets */,
				FD0205581D59054800C6B737 /* LaunchScreen.storyboard */,
				FD02055B1D59054800C6B737 /* Info.plist */,
			);
			path = LyndaPayTest;
			sourceTree = "<group>";
		};
/* End PBXGroup section */

/* Begin PBXNativeTarget section */
		FD02054B1D59054800C6B737 /* LyndaPayTest */ = {
			isa = PBXNativeTarget;
			buildConfigurationList = FD02055E1D59054800C6B737 /* Build configuration list for PBXNativeTarget "LyndaPayTest" */;
			buildPhases = (
				FD0205481D59054800C6B737 /* Sources */,
				FD0205491D59054800C6B737 /* Frameworks */,
				FD02054A1D59054800C6B737 /* Resources */,
			);
			buildRules = (
			);
			dependencies = (
			);
			name = LyndaPayTest;
			productName = LyndaPayTest;
			productReference = FD02054C1D59054800C6B737 /* LyndaPayTest.app */;
			productType = "com.apple.product-type.application";
		};
/* End PBXNativeTarget section */

/* Begin PBXProject section */
		FD0205441D59054800C6B737 /* Project object */ = {
			isa = PBXProject;
			attributes = {
				LastSwiftUpdateCheck = 0730;
				LastUpgradeCheck = 0730;
				ORGANIZATIONNAME = "Taylor Frost";
				TargetAttributes = {
					FD02054B1D59054800C6B737 = {
						CreatedOnToolsVersion = 7.3.1;
					};
				};
			};
			buildConfigurationList = FD0205471D59054800C6B737 /* Build configuration list for PBXProject "LyndaPayTest" */;
			compatibilityVersion = "Xcode 3.2";
			developmentRegion = English;
			hasScannedForEncodings = 0;
			knownRegions = (
				en,
				Base,
			);
			mainGroup = FD0205431D59054800C6B737;
			productRefGroup = FD02054D1D59054800C6B737 /* Products */;
			projectDirPath = "";
			projectRoot = "";
			targets = (
				FD02054B1D59054800C6B737 /* LyndaPayTest */,
			);
		};
/* End PBXProject section */

/* Begin PBXResourcesBuildPhase section */
		FD02054A1D59054800C6B737 /* Resources */ = {
			isa = PBXResourcesBuildPhase;
			buildActionMask = 2147483647;
			files = (
				FD02055A1D59054800C6B737 /* LaunchScreen.storyboard in Resources */,
				FD0205571D59054800C6B737 /* Assets.xcassets in Resources */,
				FD0205551D59054800C6B737 /* Main.storyboard in Resources */,
			);
			runOnlyForDeploymentPostprocessing = 0;
		};
/* End PBXResourcesBuildPhase section */

/* Begin PBXSourcesBuildPhase section */
		FD0205481D59054800C6B737 /* Sources */ = {
			isa = PBXSourcesBuildPhase;
			buildActionMask = 2147483647;
			files = (
				FD0205521D59054800C6B737 /* ViewController.swift in Sources */,
				FD0205501D59054800C6B737 /* AppDelegate.swift in Sources */,
			);
			runOnlyForDeploymentPostprocessing = 0;
		};
/* End PBXSourcesBuildPhase section */

/* Begin PBXVariantGroup section */
		FD0205531D59054800C6B737 /* Main.storyboard */ = {
			isa = PBXVariantGroup;
			children = (
				FD0205541D59054800C6B737 /* Base */,
			);
			name = Main.storyboard;
			sourceTree = "<group>";
		};
		FD0205581D59054800C6B737 /* LaunchScreen.storyboard */ = {
			isa = PBXVariantGroup;
			children = (
				FD0205591D59054800C6B737 /* Base */,
			);
			name = LaunchScreen.storyboard;
			sourceTree = "<group>";
		};
/* End PBXVariantGroup section */

/* Begin XCBuildConfiguration section */
		FD02055C1D59054800C6B737 /* Debug */ = {
			isa = XCBuildConfiguration;
			buildSettings = {
				ALWAYS_SEARCH_USER_PATHS = NO;
				CLANG_ANALYZER_NONNULL = YES;
				CLANG_CXX_LANGUAGE_STANDARD = "gnu++0x";
				CLANG_CXX_LIBRARY = "libc++";
				CLANG_ENABLE_MODULES = YES;
				CLANG_ENABLE_OBJC_ARC = YES;
				CLANG_WARN_BOOL_CONVERSION = YES;
				CLANG_WARN_CONSTANT_CONVERSION = YES;
				CLANG_WARN_DIRECT_OBJC_ISA_USAGE = YES_ERROR;
				CLANG_WARN_EMPTY_BODY = YES;
				CLANG_WARN_ENUM_CONVERSION = YES;
				CLANG_WARN_INT_CONVERSION = YES;
				CLANG_WARN_OBJC_ROOT_CLASS = YES_ERROR;
				CLANG_WARN_UNREACHABLE_CODE = YES;
				CLANG_WARN__DUPLICATE_METHOD_MATCH = YES;
				"CODE_SIGN_IDENTITY[sdk=iphoneos*]" = "iPhone Developer";
				COPY_PHASE_STRIP = NO;
				DEBUG_INFORMATION_FORMAT = dwarf;
				ENABLE_STRICT_OBJC_MSGSEND = YES;
				ENABLE_TESTABILITY = YES;
				GCC_C_LANGUAGE_STANDARD = gnu99;
				GCC_DYNAMIC_NO_PIC = NO;
				GCC_NO_COMMON_BLOCKS = YES;
				GCC_OPTIMIZATION_LEVEL = 0;
				GCC_PREPROCESSOR_DEFINITIONS = (
					"DEBUG=1",
					"$(inherited)",
				);
				GCC_WARN_64_TO_32_BIT_CONVERSION = YES;
				GCC_WARN_ABOUT_RETURN_TYPE = YES_ERROR;
				GCC_WARN_UNDECLARED_SELECTOR = YES;
				GCC_WARN_UNINITIALIZED_AUTOS = YES_AGGRESSIVE;
				GCC_WARN_UNUSED_FUNCTION = YES;
				GCC_WARN_UNUSED_VARIABLE = YES;
				IPHONEOS_DEPLOYMENT_TARGET = 9.3;
				MTL_ENABLE_DEBUG_INFO = YES;
				ONLY_ACTIVE_ARCH = YES;
				SDKROOT = iphoneos;
				SWIFT_OPTIMIZATION_LEVEL = "-Onone";
			};
			name = Debug;
		};
		FD02055D1D59054800C6B737 /* Release */ = {
			isa = XCBuildConfiguration;
			buildSettings = {
				ALWAYS_SEARCH_USER_PATHS = NO;
				CLANG_ANALYZER_NONNULL = YES;
				CLANG_CXX_LANGUAGE_STANDARD = "gnu++0x";
				CLANG_CXX_LIBRARY = "libc++";
				CLANG_ENABLE_MODULES = YES;
				CLANG_ENABLE_OBJC_ARC = YES;
				CLANG_WARN_BOOL_CONVERSION = YES;
				CLANG_WARN_CONSTANT_CONVERSION = YES;
				CLANG_WARN_DIRECT_OBJC_ISA_USAGE = YES_ERROR;
				CLANG_WARN_EMPTY_BODY = YES;
				CLANG_WARN_ENUM_CONVERSION = YES;
				CLANG_WARN_INT_CONVERSION = YES;
				CLANG_WARN_OBJC_ROOT_CLASS = YES_ERROR;
				CLANG_WARN_UNREACHABLE_CODE = YES;
				CLANG_WARN__DUPLICATE_METHOD_MATCH = YES;
				"CODE_SIGN_IDENTITY[sdk=iphoneos*]" = "iPhone Developer";
				COPY_PHASE_STRIP = NO;
				DEBUG_INFORMATION_FORMAT = "dwarf-with-dsym";
				ENABLE_NS_ASSERTIONS = NO;
				ENABLE_STRICT_OBJC_MSGSEND = YES;
				GCC_C_LANGUAGE_STANDARD = gnu99;
				GCC_NO_COMMON_BLOCKS = YES;
				GCC_WARN_64_TO_32_BIT_CONVERSION = YES;
				GCC_WARN_ABOUT_RETURN_TYPE = YES_ERROR;
				GCC_WARN_UNDECLARED_SELECTOR = YES;
				GCC_WARN_UNINITIALIZED_AUTOS = YES_AGGRESSIVE;
				GCC_WARN_UNUSED_FUNCTION = YES;
				GCC_WARN_UNUSED_VARIABLE = YES;
				IPHONEOS_DEPLOYMENT_TARGET = 9.3;
				MTL_ENABLE_DEBUG_INFO = NO;
				SDKROOT = iphoneos;
				VALIDATE_PRODUCT = YES;
			};
			name = Release;
		};
		FD02055F1D59054800C6B737 /* Debug */ = {
			isa = XCBuildConfiguration;
			buildSettings = {
				ASSETCATALOG_COMPILER_APPICON_NAME = AppIcon;
				INFOPLIST_FILE = LyndaPayTest/Info.plist;
				LD_RUNPATH_SEARCH_PATHS = "$(inherited) @executable_path/Frameworks";
				PRODUCT_BUNDLE_IDENTIFIER = com.FrostEnterprises.LyndaPayTest;
				PRODUCT_NAME = "$(TARGET_NAME)";
			};
			name = Debug;
		};
		FD0205601D59054800C6B737 /* Release */ = {
			isa = XCBuildConfiguration;
			buildSettings = {
				ASSETCATALOG_COMPILER_APPICON_NAME = AppIcon;
				INFOPLIST_FILE = LyndaPayTest/Info.plist;
				LD_RUNPATH_SEARCH_PATHS = "$(inherited) @executable_path/Frameworks";
				PRODUCT_BUNDLE_IDENTIFIER = com.FrostEnterprises.LyndaPayTest;
				PRODUCT_NAME = "$(TARGET_NAME)";
			};
			name = Release;
		};
/* End XCBuildConfiguration section */

/* Begin XCConfigurationList section */
		FD0205471D59054800C6B737 /* Build configuration list for PBXProject "LyndaPayTest" */ = {
			isa = XCConfigurationList;
			buildConfigurations = (
				FD02055C1D59054800C6B737 /* Debug */,
				FD02055D1D59054800C6B737 /* Release */,
			);
			defaultConfigurationIsVisible = 0;
			defaultConfigurationName = Release;
		};
		FD02055E1D59054800C6B737 /* Build configuration list for PBXNativeTarget "LyndaPayTest" */ = {
			isa = XCConfigurationList;
			buildConfigurations = (
				FD02055F1D59054800C6B737 /* Debug */,
				FD0205601D59054800C6B737 /* Release */,
			);
			defaultConfigurationIsVisible = 0;
		};
/* End XCConfigurationList section */
	};
	rootObject = FD0205441D59054800C6B737 /* Project object */;
}
